
Microsoft Visual Studio Solution File, Format Version 11.00
# Visual Studio 2010
Project("{F184B08F-C81C-45F6-A57F-5ABD9991F28F}") = "D4EM.Data.Source.BASINS", "D4EM.Data.Source\BASINS\D4EM.Data.Source.BASINS.vbproj", "{1A68540D-13CA-46AF-93E6-2C864E6627C7}"
EndProject
Project("{F184B08F-C81C-45F6-A57F-5ABD9991F28F}") = "D4EM.Data.Source.NHDPlus", "D4EM.Data.Source\NHDPlus\D4EM.Data.Source.NHDPlus.vbproj", "{6B7283C6-6DDE-41E9-BA00-F3EDD604B38B}"
EndProject
Project("{F184B08F-C81C-45F6-A57F-5ABD9991F28F}") = "D4EM.Data.Source.NLDAS", "D4EM.Data.Source\NLDAS\D4EM.Data.Source.NLDAS.vbproj", "{B8E2D4B9-3AC3-4160-A4B7-6B9D0AE03FE0}"
EndProject
Project("{F184B08F-C81C-45F6-A57F-5ABD9991F28F}") = "D4EM.Data.Source.NWIS", "D4EM.Data.Source\NWIS\D4EM.Data.Source.NWIS.vbproj", "{E00C40D7-1EB7-44DE-A196-619AC2016689}"
EndProject
Project("{F184B08F-C81C-45F6-A57F-5ABD9991F28F}") = "D4EM.Data.Source.USGS_Seamless", "D4EM.Data.Source\USGS_Seamless\D4EM.Data.Source.USGS_Seamless.vbproj", "{2CF5E4F7-8649-40F7-8481-CEFE720262CF}"
EndProject
Project("{F184B08F-C81C-45F6-A57F-5ABD9991F28F}") = "D4EM.Data", "D4EM.Data\D4EM.Data.vbproj", "{06768E3A-87AE-4D46-A45A-C43C6109D43F}"
EndProject
Project("{F184B08F-C81C-45F6-A57F-5ABD9991F28F}") = "D4EM.Geo", "D4EM.Geo\D4EM.Geo.vbproj", "{573A99FB-08DE-4B28-8628-AC7089348D96}"
EndProject
Project("{F184B08F-C81C-45F6-A57F-5ABD9991F28F}") = "D4EM.Data.Source.NRCS_Soil", "D4EM.Data.Source\NRCS_Soil\D4EM.Data.Source.NRCS_Soil.vbproj", "{7612F73D-72CD-4A3D-861A-401E0E5F72BA}"
EndProject
Project("{F184B08F-C81C-45F6-A57F-5ABD9991F28F}") = "ExampleBasinsCore", "Examples\ExampleBasinsCore\ExampleBasinsCore.vbproj", "{A79FF6BC-B02D-46C1-942F-38BBFDB3A2D0}"
EndProject
Project("{F184B08F-C81C-45F6-A57F-5ABD9991F28F}") = "D4EM.Model.HSPF", "D4EM.Model\HSPF\D4EM.Model.HSPF.vbproj", "{D84BAE9D-AE01-490A-856E-56DB6E846629}"
EndProject
Project("{F184B08F-C81C-45F6-A57F-5ABD9991F28F}") = "D4EM.Model.SWAT", "D4EM.Model\SWAT\D4EM.Model.SWAT.vbproj", "{22888497-60ED-4792-936A-91131B7629DD}"
EndProject
Project("{FAE04EC0-301F-11D3-BF4B-00C04F79EFBC}") = "D4EM.Data.Source.NASS", "D4EM.Data.Source\NASS\D4EM.Data.Source.NASS.csproj", "{842D42C9-0868-4512-8F91-160900C4B391}"
EndProject
Project("{FAE04EC0-301F-11D3-BF4B-00C04F79EFBC}") = "D4EM.Data.Source.NCDC", "D4EM.Data.Source\NCDC\D4EM.Data.Source.NCDC.csproj", "{1A8BFF0E-75FC-4DD8-AFFA-61D94BA0F369}"
EndProject
Project("{F184B08F-C81C-45F6-A57F-5ABD9991F28F}") = "D4EM.Data.MetCmp", "D4EM.Data.MetCmp\D4EM.Data.MetCmp.vbproj", "{7E0E3306-36A9-4E26-BCF5-727D3C1336BB}"
EndProject
Project("{FAE04EC0-301F-11D3-BF4B-00C04F79EFBC}") = "D4EM.Data.Source.EPAWaters", "D4EM.Data.Source\EPAWaters\D4EM.Data.Source.EPAWaters.csproj", "{E8D46B8E-E059-4C17-B448-37C1EF0BCAB9}"
EndProject
Project("{FAE04EC0-301F-11D3-BF4B-00C04F79EFBC}") = "D4EM-GIS", "D4EMProjectBuilder\D4EMProjectBuilder\D4EM-GIS.csproj", "{613AEB39-7A47-483A-ADFD-7889CD3B4063}"
EndProject
Project("{2150E333-8FDC-42A3-9474-1A3956D46DE8}") = "D4EMProjectBuilder", "D4EMProjectBuilder", "{69C2CA7B-86B4-4994-BE4D-E8C7B0B78FD6}"
EndProject
Project("{F184B08F-C81C-45F6-A57F-5ABD9991F28F}") = "SDMProjectBuilderPlugin", "D4EMProjectBuilder\SDMProjectBuilderPlugin\SDMProjectBuilderPlugin.vbproj", "{EE20175B-D30D-4997-B61F-63F498F658D7}"
EndProject
Project("{F184B08F-C81C-45F6-A57F-5ABD9991F28F}") = "SDM_Project_Builder_Batch", "D4EMProjectBuilder\SDM_Project_Builder_Batch\SDM_Project_Builder_Batch.vbproj", "{AE66B898-9920-4F50-AD45-C1BAF6AE5378}"
EndProject
Global
	GlobalSection(SolutionConfigurationPlatforms) = preSolution
		Debug|Any CPU = Debug|Any CPU
		Debug|Mixed Platforms = Debug|Mixed Platforms
		Debug|x64 = Debug|x64
		Debug|x86 = Debug|x86
		Release 3.5|Any CPU = Release 3.5|Any CPU
		Release 3.5|Mixed Platforms = Release 3.5|Mixed Platforms
		Release 3.5|x64 = Release 3.5|x64
		Release 3.5|x86 = Release 3.5|x86
		Release|Any CPU = Release|Any CPU
		Release|Mixed Platforms = Release|Mixed Platforms
		Release|x64 = Release|x64
		Release|x86 = Release|x86
	EndGlobalSection
	GlobalSection(ProjectConfigurationPlatforms) = postSolution
		{1A68540D-13CA-46AF-93E6-2C864E6627C7}.Debug|Any CPU.ActiveCfg = Debug|Any CPU
		{1A68540D-13CA-46AF-93E6-2C864E6627C7}.Debug|Any CPU.Build.0 = Debug|Any CPU
		{1A68540D-13CA-46AF-93E6-2C864E6627C7}.Debug|Mixed Platforms.ActiveCfg = Debug|x86
		{1A68540D-13CA-46AF-93E6-2C864E6627C7}.Debug|Mixed Platforms.Build.0 = Debug|x86
		{1A68540D-13CA-46AF-93E6-2C864E6627C7}.Debug|x64.ActiveCfg = Debug|x64
		{1A68540D-13CA-46AF-93E6-2C864E6627C7}.Debug|x64.Build.0 = Debug|x64
		{1A68540D-13CA-46AF-93E6-2C864E6627C7}.Debug|x86.ActiveCfg = Debug|x86
		{1A68540D-13CA-46AF-93E6-2C864E6627C7}.Debug|x86.Build.0 = Debug|x86
		{1A68540D-13CA-46AF-93E6-2C864E6627C7}.Release 3.5|Any CPU.ActiveCfg = Release|x86
		{1A68540D-13CA-46AF-93E6-2C864E6627C7}.Release 3.5|Mixed Platforms.ActiveCfg = Release|x86
		{1A68540D-13CA-46AF-93E6-2C864E6627C7}.Release 3.5|Mixed Platforms.Build.0 = Release|x86
		{1A68540D-13CA-46AF-93E6-2C864E6627C7}.Release 3.5|x64.ActiveCfg = Release|x86
		{1A68540D-13CA-46AF-93E6-2C864E6627C7}.Release 3.5|x86.ActiveCfg = Release|x86
		{1A68540D-13CA-46AF-93E6-2C864E6627C7}.Release 3.5|x86.Build.0 = Release|x86
		{1A68540D-13CA-46AF-93E6-2C864E6627C7}.Release|Any CPU.ActiveCfg = Release|Any CPU
		{1A68540D-13CA-46AF-93E6-2C864E6627C7}.Release|Any CPU.Build.0 = Release|Any CPU
		{1A68540D-13CA-46AF-93E6-2C864E6627C7}.Release|Mixed Platforms.ActiveCfg = Release|x86
		{1A68540D-13CA-46AF-93E6-2C864E6627C7}.Release|Mixed Platforms.Build.0 = Release|x86
		{1A68540D-13CA-46AF-93E6-2C864E6627C7}.Release|x64.ActiveCfg = Release|x64
		{1A68540D-13CA-46AF-93E6-2C864E6627C7}.Release|x64.Build.0 = Release|x64
		{1A68540D-13CA-46AF-93E6-2C864E6627C7}.Release|x86.ActiveCfg = Release|x86
		{1A68540D-13CA-46AF-93E6-2C864E6627C7}.Release|x86.Build.0 = Release|x86
		{6B7283C6-6DDE-41E9-BA00-F3EDD604B38B}.Debug|Any CPU.ActiveCfg = Debug|Any CPU
		{6B7283C6-6DDE-41E9-BA00-F3EDD604B38B}.Debug|Any CPU.Build.0 = Debug|Any CPU
		{6B7283C6-6DDE-41E9-BA00-F3EDD604B38B}.Debug|Mixed Platforms.ActiveCfg = Debug|x86
		{6B7283C6-6DDE-41E9-BA00-F3EDD604B38B}.Debug|Mixed Platforms.Build.0 = Debug|x86
		{6B7283C6-6DDE-41E9-BA00-F3EDD604B38B}.Debug|x64.ActiveCfg = Debug|x64
		{6B7283C6-6DDE-41E9-BA00-F3EDD604B38B}.Debug|x64.Build.0 = Debug|x64
		{6B7283C6-6DDE-41E9-BA00-F3EDD604B38B}.Debug|x86.ActiveCfg = Debug|x86
		{6B7283C6-6DDE-41E9-BA00-F3EDD604B38B}.Debug|x86.Build.0 = Debug|x86
		{6B7283C6-6DDE-41E9-BA00-F3EDD604B38B}.Release 3.5|Any CPU.ActiveCfg = Release|x86
		{6B7283C6-6DDE-41E9-BA00-F3EDD604B38B}.Release 3.5|Mixed Platforms.ActiveCfg = Release|x86
		{6B7283C6-6DDE-41E9-BA00-F3EDD604B38B}.Release 3.5|Mixed Platforms.Build.0 = Release|x86
		{6B7283C6-6DDE-41E9-BA00-F3EDD604B38B}.Release 3.5|x64.ActiveCfg = Release|x86
		{6B7283C6-6DDE-41E9-BA00-F3EDD604B38B}.Release 3.5|x86.ActiveCfg = Release|x86
		{6B7283C6-6DDE-41E9-BA00-F3EDD604B38B}.Release 3.5|x86.Build.0 = Release|x86
		{6B7283C6-6DDE-41E9-BA00-F3EDD604B38B}.Release|Any CPU.ActiveCfg = Release|Any CPU
		{6B7283C6-6DDE-41E9-BA00-F3EDD604B38B}.Release|Any CPU.Build.0 = Release|Any CPU
		{6B7283C6-6DDE-41E9-BA00-F3EDD604B38B}.Release|Mixed Platforms.ActiveCfg = Release|x86
		{6B7283C6-6DDE-41E9-BA00-F3EDD604B38B}.Release|Mixed Platforms.Build.0 = Release|x86
		{6B7283C6-6DDE-41E9-BA00-F3EDD604B38B}.Release|x64.ActiveCfg = Release|x64
		{6B7283C6-6DDE-41E9-BA00-F3EDD604B38B}.Release|x64.Build.0 = Release|x64
		{6B7283C6-6DDE-41E9-BA00-F3EDD604B38B}.Release|x86.ActiveCfg = Release|x86
		{6B7283C6-6DDE-41E9-BA00-F3EDD604B38B}.Release|x86.Build.0 = Release|x86
		{B8E2D4B9-3AC3-4160-A4B7-6B9D0AE03FE0}.Debug|Any CPU.ActiveCfg = Debug|Any CPU
		{B8E2D4B9-3AC3-4160-A4B7-6B9D0AE03FE0}.Debug|Any CPU.Build.0 = Debug|Any CPU
		{B8E2D4B9-3AC3-4160-A4B7-6B9D0AE03FE0}.Debug|Mixed Platforms.ActiveCfg = Debug|x86
		{B8E2D4B9-3AC3-4160-A4B7-6B9D0AE03FE0}.Debug|Mixed Platforms.Build.0 = Debug|x86
		{B8E2D4B9-3AC3-4160-A4B7-6B9D0AE03FE0}.Debug|x64.ActiveCfg = Debug|x64
		{B8E2D4B9-3AC3-4160-A4B7-6B9D0AE03FE0}.Debug|x64.Build.0 = Debug|x64
		{B8E2D4B9-3AC3-4160-A4B7-6B9D0AE03FE0}.Debug|x86.ActiveCfg = Debug|x86
		{B8E2D4B9-3AC3-4160-A4B7-6B9D0AE03FE0}.Debug|x86.Build.0 = Debug|x86
		{B8E2D4B9-3AC3-4160-A4B7-6B9D0AE03FE0}.Release 3.5|Any CPU.ActiveCfg = Release|x86
		{B8E2D4B9-3AC3-4160-A4B7-6B9D0AE03FE0}.Release 3.5|Mixed Platforms.ActiveCfg = Release|x86
		{B8E2D4B9-3AC3-4160-A4B7-6B9D0AE03FE0}.Release 3.5|Mixed Platforms.Build.0 = Release|x86
		{B8E2D4B9-3AC3-4160-A4B7-6B9D0AE03FE0}.Release 3.5|x64.ActiveCfg = Release|x86
		{B8E2D4B9-3AC3-4160-A4B7-6B9D0AE03FE0}.Release 3.5|x86.ActiveCfg = Release|x86
		{B8E2D4B9-3AC3-4160-A4B7-6B9D0AE03FE0}.Release 3.5|x86.Build.0 = Release|x86
		{B8E2D4B9-3AC3-4160-A4B7-6B9D0AE03FE0}.Release|Any CPU.ActiveCfg = Release|Any CPU
		{B8E2D4B9-3AC3-4160-A4B7-6B9D0AE03FE0}.Release|Any CPU.Build.0 = Release|Any CPU
		{B8E2D4B9-3AC3-4160-A4B7-6B9D0AE03FE0}.Release|Mixed Platforms.ActiveCfg = Release|x86
		{B8E2D4B9-3AC3-4160-A4B7-6B9D0AE03FE0}.Release|Mixed Platforms.Build.0 = Release|x86
		{B8E2D4B9-3AC3-4160-A4B7-6B9D0AE03FE0}.Release|x64.ActiveCfg = Release|x64
		{B8E2D4B9-3AC3-4160-A4B7-6B9D0AE03FE0}.Release|x64.Build.0 = Release|x64
		{B8E2D4B9-3AC3-4160-A4B7-6B9D0AE03FE0}.Release|x86.ActiveCfg = Release|x86
		{B8E2D4B9-3AC3-4160-A4B7-6B9D0AE03FE0}.Release|x86.Build.0 = Release|x86
		{E00C40D7-1EB7-44DE-A196-619AC2016689}.Debug|Any CPU.ActiveCfg = Debug|Any CPU
		{E00C40D7-1EB7-44DE-A196-619AC2016689}.Debug|Any CPU.Build.0 = Debug|Any CPU
		{E00C40D7-1EB7-44DE-A196-619AC2016689}.Debug|Mixed Platforms.ActiveCfg = Debug|x86
		{E00C40D7-1EB7-44DE-A196-619AC2016689}.Debug|Mixed Platforms.Build.0 = Debug|x86
		{E00C40D7-1EB7-44DE-A196-619AC2016689}.Debug|x64.ActiveCfg = Debug|x64
		{E00C40D7-1EB7-44DE-A196-619AC2016689}.Debug|x64.Build.0 = Debug|x64
		{E00C40D7-1EB7-44DE-A196-619AC2016689}.Debug|x86.ActiveCfg = Debug|x86
		{E00C40D7-1EB7-44DE-A196-619AC2016689}.Debug|x86.Build.0 = Debug|x86
		{E00C40D7-1EB7-44DE-A196-619AC2016689}.Release 3.5|Any CPU.ActiveCfg = Release|x86
		{E00C40D7-1EB7-44DE-A196-619AC2016689}.Release 3.5|Mixed Platforms.ActiveCfg = Release|x86
		{E00C40D7-1EB7-44DE-A196-619AC2016689}.Release 3.5|Mixed Platforms.Build.0 = Release|x86
		{E00C40D7-1EB7-44DE-A196-619AC2016689}.Release 3.5|x64.ActiveCfg = Release|x86
		{E00C40D7-1EB7-44DE-A196-619AC2016689}.Release 3.5|x86.ActiveCfg = Release|x86
		{E00C40D7-1EB7-44DE-A196-619AC2016689}.Release 3.5|x86.Build.0 = Release|x86
		{E00C40D7-1EB7-44DE-A196-619AC2016689}.Release|Any CPU.ActiveCfg = Release|Any CPU
		{E00C40D7-1EB7-44DE-A196-619AC2016689}.Release|Any CPU.Build.0 = Release|Any CPU
		{E00C40D7-1EB7-44DE-A196-619AC2016689}.Release|Mixed Platforms.ActiveCfg = Release|x86
		{E00C40D7-1EB7-44DE-A196-619AC2016689}.Release|Mixed Platforms.Build.0 = Release|x86
		{E00C40D7-1EB7-44DE-A196-619AC2016689}.Release|x64.ActiveCfg = Release|x64
		{E00C40D7-1EB7-44DE-A196-619AC2016689}.Release|x64.Build.0 = Release|x64
		{E00C40D7-1EB7-44DE-A196-619AC2016689}.Release|x86.ActiveCfg = Release|x86
		{E00C40D7-1EB7-44DE-A196-619AC2016689}.Release|x86.Build.0 = Release|x86
		{2CF5E4F7-8649-40F7-8481-CEFE720262CF}.Debug|Any CPU.ActiveCfg = Debug|Any CPU
		{2CF5E4F7-8649-40F7-8481-CEFE720262CF}.Debug|Any CPU.Build.0 = Debug|Any CPU
		{2CF5E4F7-8649-40F7-8481-CEFE720262CF}.Debug|Mixed Platforms.ActiveCfg = Debug|x86
		{2CF5E4F7-8649-40F7-8481-CEFE720262CF}.Debug|Mixed Platforms.Build.0 = Debug|x86
		{2CF5E4F7-8649-40F7-8481-CEFE720262CF}.Debug|x64.ActiveCfg = Debug|x64
		{2CF5E4F7-8649-40F7-8481-CEFE720262CF}.Debug|x64.Build.0 = Debug|x64
		{2CF5E4F7-8649-40F7-8481-CEFE720262CF}.Debug|x86.ActiveCfg = Debug|x86
		{2CF5E4F7-8649-40F7-8481-CEFE720262CF}.Debug|x86.Build.0 = Debug|x86
		{2CF5E4F7-8649-40F7-8481-CEFE720262CF}.Release 3.5|Any CPU.ActiveCfg = Release|x86
		{2CF5E4F7-8649-40F7-8481-CEFE720262CF}.Release 3.5|Mixed Platforms.ActiveCfg = Release|x86
		{2CF5E4F7-8649-40F7-8481-CEFE720262CF}.Release 3.5|Mixed Platforms.Build.0 = Release|x86
		{2CF5E4F7-8649-40F7-8481-CEFE720262CF}.Release 3.5|x64.ActiveCfg = Release|x86
		{2CF5E4F7-8649-40F7-8481-CEFE720262CF}.Release 3.5|x86.ActiveCfg = Release|x86
		{2CF5E4F7-8649-40F7-8481-CEFE720262CF}.Release 3.5|x86.Build.0 = Release|x86
		{2CF5E4F7-8649-40F7-8481-CEFE720262CF}.Release|Any CPU.ActiveCfg = Release|Any CPU
		{2CF5E4F7-8649-40F7-8481-CEFE720262CF}.Release|Any CPU.Build.0 = Release|Any CPU
		{2CF5E4F7-8649-40F7-8481-CEFE720262CF}.Release|Mixed Platforms.ActiveCfg = Release|x86
		{2CF5E4F7-8649-40F7-8481-CEFE720262CF}.Release|Mixed Platforms.Build.0 = Release|x86
		{2CF5E4F7-8649-40F7-8481-CEFE720262CF}.Release|x64.ActiveCfg = Release|x64
		{2CF5E4F7-8649-40F7-8481-CEFE720262CF}.Release|x64.Build.0 = Release|x64
		{2CF5E4F7-8649-40F7-8481-CEFE720262CF}.Release|x86.ActiveCfg = Release|x86
		{2CF5E4F7-8649-40F7-8481-CEFE720262CF}.Release|x86.Build.0 = Release|x86
		{06768E3A-87AE-4D46-A45A-C43C6109D43F}.Debug|Any CPU.ActiveCfg = Debug|Any CPU
		{06768E3A-87AE-4D46-A45A-C43C6109D43F}.Debug|Any CPU.Build.0 = Debug|Any CPU
		{06768E3A-87AE-4D46-A45A-C43C6109D43F}.Debug|Mixed Platforms.ActiveCfg = Debug|x86
		{06768E3A-87AE-4D46-A45A-C43C6109D43F}.Debug|Mixed Platforms.Build.0 = Debug|x86
		{06768E3A-87AE-4D46-A45A-C43C6109D43F}.Debug|x64.ActiveCfg = Debug|x64
		{06768E3A-87AE-4D46-A45A-C43C6109D43F}.Debug|x64.Build.0 = Debug|x64
		{06768E3A-87AE-4D46-A45A-C43C6109D43F}.Debug|x86.ActiveCfg = Debug|x86
		{06768E3A-87AE-4D46-A45A-C43C6109D43F}.Debug|x86.Build.0 = Debug|x86
		{06768E3A-87AE-4D46-A45A-C43C6109D43F}.Release 3.5|Any CPU.ActiveCfg = Release|x86
		{06768E3A-87AE-4D46-A45A-C43C6109D43F}.Release 3.5|Mixed Platforms.ActiveCfg = Release|x86
		{06768E3A-87AE-4D46-A45A-C43C6109D43F}.Release 3.5|Mixed Platforms.Build.0 = Release|x86
		{06768E3A-87AE-4D46-A45A-C43C6109D43F}.Release 3.5|x64.ActiveCfg = Release|x86
		{06768E3A-87AE-4D46-A45A-C43C6109D43F}.Release 3.5|x86.ActiveCfg = Release|x86
		{06768E3A-87AE-4D46-A45A-C43C6109D43F}.Release 3.5|x86.Build.0 = Release|x86
		{06768E3A-87AE-4D46-A45A-C43C6109D43F}.Release|Any CPU.ActiveCfg = Release|Any CPU
		{06768E3A-87AE-4D46-A45A-C43C6109D43F}.Release|Any CPU.Build.0 = Release|Any CPU
		{06768E3A-87AE-4D46-A45A-C43C6109D43F}.Release|Mixed Platforms.ActiveCfg = Release|x86
		{06768E3A-87AE-4D46-A45A-C43C6109D43F}.Release|Mixed Platforms.Build.0 = Release|x86
		{06768E3A-87AE-4D46-A45A-C43C6109D43F}.Release|x64.ActiveCfg = Release|x64
		{06768E3A-87AE-4D46-A45A-C43C6109D43F}.Release|x64.Build.0 = Release|x64
		{06768E3A-87AE-4D46-A45A-C43C6109D43F}.Release|x86.ActiveCfg = Release|x86
		{06768E3A-87AE-4D46-A45A-C43C6109D43F}.Release|x86.Build.0 = Release|x86
		{573A99FB-08DE-4B28-8628-AC7089348D96}.Debug|Any CPU.ActiveCfg = Debug|Any CPU
		{573A99FB-08DE-4B28-8628-AC7089348D96}.Debug|Any CPU.Build.0 = Debug|Any CPU
		{573A99FB-08DE-4B28-8628-AC7089348D96}.Debug|Mixed Platforms.ActiveCfg = Debug|x86
		{573A99FB-08DE-4B28-8628-AC7089348D96}.Debug|Mixed Platforms.Build.0 = Debug|x86
		{573A99FB-08DE-4B28-8628-AC7089348D96}.Debug|x64.ActiveCfg = Debug|x64
		{573A99FB-08DE-4B28-8628-AC7089348D96}.Debug|x64.Build.0 = Debug|x64
		{573A99FB-08DE-4B28-8628-AC7089348D96}.Debug|x86.ActiveCfg = Debug|x86
		{573A99FB-08DE-4B28-8628-AC7089348D96}.Debug|x86.Build.0 = Debug|x86
		{573A99FB-08DE-4B28-8628-AC7089348D96}.Release 3.5|Any CPU.ActiveCfg = Release|x86
		{573A99FB-08DE-4B28-8628-AC7089348D96}.Release 3.5|Mixed Platforms.ActiveCfg = Release|x86
		{573A99FB-08DE-4B28-8628-AC7089348D96}.Release 3.5|Mixed Platforms.Build.0 = Release|x86
		{573A99FB-08DE-4B28-8628-AC7089348D96}.Release 3.5|x64.ActiveCfg = Release|x86
		{573A99FB-08DE-4B28-8628-AC7089348D96}.Release 3.5|x86.ActiveCfg = Release|x86
		{573A99FB-08DE-4B28-8628-AC7089348D96}.Release 3.5|x86.Build.0 = Release|x86
		{573A99FB-08DE-4B28-8628-AC7089348D96}.Release|Any CPU.ActiveCfg = Release|Any CPU
		{573A99FB-08DE-4B28-8628-AC7089348D96}.Release|Any CPU.Build.0 = Release|Any CPU
		{573A99FB-08DE-4B28-8628-AC7089348D96}.Release|Mixed Platforms.ActiveCfg = Release|x86
		{573A99FB-08DE-4B28-8628-AC7089348D96}.Release|Mixed Platforms.Build.0 = Release|x86
		{573A99FB-08DE-4B28-8628-AC7089348D96}.Release|x64.ActiveCfg = Release|x86
		{573A99FB-08DE-4B28-8628-AC7089348D96}.Release|x86.ActiveCfg = Release|x86
		{573A99FB-08DE-4B28-8628-AC7089348D96}.Release|x86.Build.0 = Release|x86
		{7612F73D-72CD-4A3D-861A-401E0E5F72BA}.Debug|Any CPU.ActiveCfg = Debug|Any CPU
		{7612F73D-72CD-4A3D-861A-401E0E5F72BA}.Debug|Any CPU.Build.0 = Debug|Any CPU
		{7612F73D-72CD-4A3D-861A-401E0E5F72BA}.Debug|Mixed Platforms.ActiveCfg = Debug|x86
		{7612F73D-72CD-4A3D-861A-401E0E5F72BA}.Debug|Mixed Platforms.Build.0 = Debug|x86
		{7612F73D-72CD-4A3D-861A-401E0E5F72BA}.Debug|x64.ActiveCfg = Debug|x64
		{7612F73D-72CD-4A3D-861A-401E0E5F72BA}.Debug|x64.Build.0 = Debug|x64
		{7612F73D-72CD-4A3D-861A-401E0E5F72BA}.Debug|x86.ActiveCfg = Debug|x86
		{7612F73D-72CD-4A3D-861A-401E0E5F72BA}.Debug|x86.Build.0 = Debug|x86
		{7612F73D-72CD-4A3D-861A-401E0E5F72BA}.Release 3.5|Any CPU.ActiveCfg = Release|x86
		{7612F73D-72CD-4A3D-861A-401E0E5F72BA}.Release 3.5|Mixed Platforms.ActiveCfg = Release|x86
		{7612F73D-72CD-4A3D-861A-401E0E5F72BA}.Release 3.5|Mixed Platforms.Build.0 = Release|x86
		{7612F73D-72CD-4A3D-861A-401E0E5F72BA}.Release 3.5|x64.ActiveCfg = Release|x86
		{7612F73D-72CD-4A3D-861A-401E0E5F72BA}.Release 3.5|x86.ActiveCfg = Release|x86
		{7612F73D-72CD-4A3D-861A-401E0E5F72BA}.Release 3.5|x86.Build.0 = Release|x86
		{7612F73D-72CD-4A3D-861A-401E0E5F72BA}.Release|Any CPU.ActiveCfg = Release|Any CPU
		{7612F73D-72CD-4A3D-861A-401E0E5F72BA}.Release|Any CPU.Build.0 = Release|Any CPU
		{7612F73D-72CD-4A3D-861A-401E0E5F72BA}.Release|Mixed Platforms.ActiveCfg = Release|x86
		{7612F73D-72CD-4A3D-861A-401E0E5F72BA}.Release|Mixed Platforms.Build.0 = Release|x86
		{7612F73D-72CD-4A3D-861A-401E0E5F72BA}.Release|x64.ActiveCfg = Release|x64
		{7612F73D-72CD-4A3D-861A-401E0E5F72BA}.Release|x64.Build.0 = Release|x64
		{7612F73D-72CD-4A3D-861A-401E0E5F72BA}.Release|x86.ActiveCfg = Release|x86
		{7612F73D-72CD-4A3D-861A-401E0E5F72BA}.Release|x86.Build.0 = Release|x86
		{A79FF6BC-B02D-46C1-942F-38BBFDB3A2D0}.Debug|Any CPU.ActiveCfg = Debug|x86
		{A79FF6BC-B02D-46C1-942F-38BBFDB3A2D0}.Debug|Mixed Platforms.ActiveCfg = Debug|x86
		{A79FF6BC-B02D-46C1-942F-38BBFDB3A2D0}.Debug|Mixed Platforms.Build.0 = Debug|x86
		{A79FF6BC-B02D-46C1-942F-38BBFDB3A2D0}.Debug|x64.ActiveCfg = Debug|x86
		{A79FF6BC-B02D-46C1-942F-38BBFDB3A2D0}.Debug|x86.ActiveCfg = Debug|x86
		{A79FF6BC-B02D-46C1-942F-38BBFDB3A2D0}.Debug|x86.Build.0 = Debug|x86
		{A79FF6BC-B02D-46C1-942F-38BBFDB3A2D0}.Release 3.5|Any CPU.ActiveCfg = Release|x86
		{A79FF6BC-B02D-46C1-942F-38BBFDB3A2D0}.Release 3.5|Mixed Platforms.ActiveCfg = Release|x86
		{A79FF6BC-B02D-46C1-942F-38BBFDB3A2D0}.Release 3.5|Mixed Platforms.Build.0 = Release|x86
		{A79FF6BC-B02D-46C1-942F-38BBFDB3A2D0}.Release 3.5|x64.ActiveCfg = Release|x86
		{A79FF6BC-B02D-46C1-942F-38BBFDB3A2D0}.Release 3.5|x86.ActiveCfg = Release|x86
		{A79FF6BC-B02D-46C1-942F-38BBFDB3A2D0}.Release 3.5|x86.Build.0 = Release|x86
		{A79FF6BC-B02D-46C1-942F-38BBFDB3A2D0}.Release|Any CPU.ActiveCfg = Release|x86
		{A79FF6BC-B02D-46C1-942F-38BBFDB3A2D0}.Release|Mixed Platforms.ActiveCfg = Release|x86
		{A79FF6BC-B02D-46C1-942F-38BBFDB3A2D0}.Release|Mixed Platforms.Build.0 = Release|x86
		{A79FF6BC-B02D-46C1-942F-38BBFDB3A2D0}.Release|x64.ActiveCfg = Release|x86
		{A79FF6BC-B02D-46C1-942F-38BBFDB3A2D0}.Release|x86.ActiveCfg = Release|x86
		{A79FF6BC-B02D-46C1-942F-38BBFDB3A2D0}.Release|x86.Build.0 = Release|x86
		{D84BAE9D-AE01-490A-856E-56DB6E846629}.Debug|Any CPU.ActiveCfg = Debug|Any CPU
		{D84BAE9D-AE01-490A-856E-56DB6E846629}.Debug|Any CPU.Build.0 = Debug|Any CPU
		{D84BAE9D-AE01-490A-856E-56DB6E846629}.Debug|Mixed Platforms.ActiveCfg = Debug|x86
		{D84BAE9D-AE01-490A-856E-56DB6E846629}.Debug|Mixed Platforms.Build.0 = Debug|x86
		{D84BAE9D-AE01-490A-856E-56DB6E846629}.Debug|x64.ActiveCfg = Debug|x64
		{D84BAE9D-AE01-490A-856E-56DB6E846629}.Debug|x64.Build.0 = Debug|x64
		{D84BAE9D-AE01-490A-856E-56DB6E846629}.Debug|x86.ActiveCfg = Debug|x86
		{D84BAE9D-AE01-490A-856E-56DB6E846629}.Debug|x86.Build.0 = Debug|x86
		{D84BAE9D-AE01-490A-856E-56DB6E846629}.Release 3.5|Any CPU.ActiveCfg = Release|x86
		{D84BAE9D-AE01-490A-856E-56DB6E846629}.Release 3.5|Mixed Platforms.ActiveCfg = Release|x86
		{D84BAE9D-AE01-490A-856E-56DB6E846629}.Release 3.5|Mixed Platforms.Build.0 = Release|x86
		{D84BAE9D-AE01-490A-856E-56DB6E846629}.Release 3.5|x64.ActiveCfg = Release|x86
		{D84BAE9D-AE01-490A-856E-56DB6E846629}.Release 3.5|x86.ActiveCfg = Release|x86
		{D84BAE9D-AE01-490A-856E-56DB6E846629}.Release 3.5|x86.Build.0 = Release|x86
		{D84BAE9D-AE01-490A-856E-56DB6E846629}.Release|Any CPU.ActiveCfg = Release|Any CPU
		{D84BAE9D-AE01-490A-856E-56DB6E846629}.Release|Any CPU.Build.0 = Release|Any CPU
		{D84BAE9D-AE01-490A-856E-56DB6E846629}.Release|Mixed Platforms.ActiveCfg = Release|x86
		{D84BAE9D-AE01-490A-856E-56DB6E846629}.Release|Mixed Platforms.Build.0 = Release|x86
		{D84BAE9D-AE01-490A-856E-56DB6E846629}.Release|x64.ActiveCfg = Release|x86
		{D84BAE9D-AE01-490A-856E-56DB6E846629}.Release|x86.ActiveCfg = Release|x86
		{D84BAE9D-AE01-490A-856E-56DB6E846629}.Release|x86.Build.0 = Release|x86
		{22888497-60ED-4792-936A-91131B7629DD}.Debug|Any CPU.ActiveCfg = Debug|Any CPU
		{22888497-60ED-4792-936A-91131B7629DD}.Debug|Any CPU.Build.0 = Debug|Any CPU
		{22888497-60ED-4792-936A-91131B7629DD}.Debug|Mixed Platforms.ActiveCfg = Debug|x86
		{22888497-60ED-4792-936A-91131B7629DD}.Debug|Mixed Platforms.Build.0 = Debug|x86
		{22888497-60ED-4792-936A-91131B7629DD}.Debug|x64.ActiveCfg = Debug|x86
		{22888497-60ED-4792-936A-91131B7629DD}.Debug|x86.ActiveCfg = Debug|x86
		{22888497-60ED-4792-936A-91131B7629DD}.Debug|x86.Build.0 = Debug|x86
		{22888497-60ED-4792-936A-91131B7629DD}.Release 3.5|Any CPU.ActiveCfg = Release|x86
		{22888497-60ED-4792-936A-91131B7629DD}.Release 3.5|Mixed Platforms.ActiveCfg = Release|x86
		{22888497-60ED-4792-936A-91131B7629DD}.Release 3.5|Mixed Platforms.Build.0 = Release|x86
		{22888497-60ED-4792-936A-91131B7629DD}.Release 3.5|x64.ActiveCfg = Release|x86
		{22888497-60ED-4792-936A-91131B7629DD}.Release 3.5|x86.ActiveCfg = Release|x86
		{22888497-60ED-4792-936A-91131B7629DD}.Release 3.5|x86.Build.0 = Release|x86
		{22888497-60ED-4792-936A-91131B7629DD}.Release|Any CPU.ActiveCfg = Release|Any CPU
		{22888497-60ED-4792-936A-91131B7629DD}.Release|Any CPU.Build.0 = Release|Any CPU
		{22888497-60ED-4792-936A-91131B7629DD}.Release|Mixed Platforms.ActiveCfg = Release|x86
		{22888497-60ED-4792-936A-91131B7629DD}.Release|Mixed Platforms.Build.0 = Release|x86
		{22888497-60ED-4792-936A-91131B7629DD}.Release|x64.ActiveCfg = Release|x86
		{22888497-60ED-4792-936A-91131B7629DD}.Release|x86.ActiveCfg = Release|x86
		{22888497-60ED-4792-936A-91131B7629DD}.Release|x86.Build.0 = Release|x86
		{842D42C9-0868-4512-8F91-160900C4B391}.Debug|Any CPU.ActiveCfg = Debug|Any CPU
		{842D42C9-0868-4512-8F91-160900C4B391}.Debug|Any CPU.Build.0 = Debug|Any CPU
		{842D42C9-0868-4512-8F91-160900C4B391}.Debug|Mixed Platforms.ActiveCfg = Debug|x86
		{842D42C9-0868-4512-8F91-160900C4B391}.Debug|Mixed Platforms.Build.0 = Debug|x86
		{842D42C9-0868-4512-8F91-160900C4B391}.Debug|x64.ActiveCfg = Debug|x86
		{842D42C9-0868-4512-8F91-160900C4B391}.Debug|x86.ActiveCfg = Debug|x86
		{842D42C9-0868-4512-8F91-160900C4B391}.Debug|x86.Build.0 = Debug|x86
		{842D42C9-0868-4512-8F91-160900C4B391}.Release 3.5|Any CPU.ActiveCfg = Release|x86
		{842D42C9-0868-4512-8F91-160900C4B391}.Release 3.5|Mixed Platforms.ActiveCfg = Release|x86
		{842D42C9-0868-4512-8F91-160900C4B391}.Release 3.5|Mixed Platforms.Build.0 = Release|x86
		{842D42C9-0868-4512-8F91-160900C4B391}.Release 3.5|x64.ActiveCfg = Release|x86
		{842D42C9-0868-4512-8F91-160900C4B391}.Release 3.5|x86.ActiveCfg = Release|x86
		{842D42C9-0868-4512-8F91-160900C4B391}.Release 3.5|x86.Build.0 = Release|x86
		{842D42C9-0868-4512-8F91-160900C4B391}.Release|Any CPU.ActiveCfg = Release|Any CPU
		{842D42C9-0868-4512-8F91-160900C4B391}.Release|Any CPU.Build.0 = Release|Any CPU
		{842D42C9-0868-4512-8F91-160900C4B391}.Release|Mixed Platforms.ActiveCfg = Release|x86
		{842D42C9-0868-4512-8F91-160900C4B391}.Release|Mixed Platforms.Build.0 = Release|x86
		{842D42C9-0868-4512-8F91-160900C4B391}.Release|x64.ActiveCfg = Release|x86
		{842D42C9-0868-4512-8F91-160900C4B391}.Release|x86.ActiveCfg = Release|x86
		{842D42C9-0868-4512-8F91-160900C4B391}.Release|x86.Build.0 = Release|x86
		{1A8BFF0E-75FC-4DD8-AFFA-61D94BA0F369}.Debug|Any CPU.ActiveCfg = Debug|Any CPU
		{1A8BFF0E-75FC-4DD8-AFFA-61D94BA0F369}.Debug|Any CPU.Build.0 = Debug|Any CPU
		{1A8BFF0E-75FC-4DD8-AFFA-61D94BA0F369}.Debug|Mixed Platforms.ActiveCfg = Debug|Any CPU
		{1A8BFF0E-75FC-4DD8-AFFA-61D94BA0F369}.Debug|Mixed Platforms.Build.0 = Debug|Any CPU
		{1A8BFF0E-75FC-4DD8-AFFA-61D94BA0F369}.Debug|x64.ActiveCfg = Debug|Any CPU
		{1A8BFF0E-75FC-4DD8-AFFA-61D94BA0F369}.Debug|x86.ActiveCfg = Debug|x86
		{1A8BFF0E-75FC-4DD8-AFFA-61D94BA0F369}.Debug|x86.Build.0 = Debug|x86
		{1A8BFF0E-75FC-4DD8-AFFA-61D94BA0F369}.Release 3.5|Any CPU.ActiveCfg = Release|Any CPU
		{1A8BFF0E-75FC-4DD8-AFFA-61D94BA0F369}.Release 3.5|Any CPU.Build.0 = Release|Any CPU
		{1A8BFF0E-75FC-4DD8-AFFA-61D94BA0F369}.Release 3.5|Mixed Platforms.ActiveCfg = Release|Any CPU
		{1A8BFF0E-75FC-4DD8-AFFA-61D94BA0F369}.Release 3.5|Mixed Platforms.Build.0 = Release|Any CPU
		{1A8BFF0E-75FC-4DD8-AFFA-61D94BA0F369}.Release 3.5|x64.ActiveCfg = Release|Any CPU
		{1A8BFF0E-75FC-4DD8-AFFA-61D94BA0F369}.Release 3.5|x86.ActiveCfg = Release|Any CPU
		{1A8BFF0E-75FC-4DD8-AFFA-61D94BA0F369}.Release|Any CPU.ActiveCfg = Release|Any CPU
		{1A8BFF0E-75FC-4DD8-AFFA-61D94BA0F369}.Release|Any CPU.Build.0 = Release|Any CPU
		{1A8BFF0E-75FC-4DD8-AFFA-61D94BA0F369}.Release|Mixed Platforms.ActiveCfg = Release|Any CPU
		{1A8BFF0E-75FC-4DD8-AFFA-61D94BA0F369}.Release|Mixed Platforms.Build.0 = Release|Any CPU
		{1A8BFF0E-75FC-4DD8-AFFA-61D94BA0F369}.Release|x64.ActiveCfg = Release|Any CPU
		{1A8BFF0E-75FC-4DD8-AFFA-61D94BA0F369}.Release|x86.ActiveCfg = Release|Any CPU
		{7E0E3306-36A9-4E26-BCF5-727D3C1336BB}.Debug|Any CPU.ActiveCfg = Debug|Any CPU
		{7E0E3306-36A9-4E26-BCF5-727D3C1336BB}.Debug|Any CPU.Build.0 = Debug|Any CPU
		{7E0E3306-36A9-4E26-BCF5-727D3C1336BB}.Debug|Mixed Platforms.ActiveCfg = Debug|x86
		{7E0E3306-36A9-4E26-BCF5-727D3C1336BB}.Debug|Mixed Platforms.Build.0 = Debug|x86
		{7E0E3306-36A9-4E26-BCF5-727D3C1336BB}.Debug|x64.ActiveCfg = Debug|x86
		{7E0E3306-36A9-4E26-BCF5-727D3C1336BB}.Debug|x86.ActiveCfg = Debug|x86
		{7E0E3306-36A9-4E26-BCF5-727D3C1336BB}.Debug|x86.Build.0 = Debug|x86
		{7E0E3306-36A9-4E26-BCF5-727D3C1336BB}.Release 3.5|Any CPU.ActiveCfg = Release|x86
		{7E0E3306-36A9-4E26-BCF5-727D3C1336BB}.Release 3.5|Mixed Platforms.ActiveCfg = Release|x86
		{7E0E3306-36A9-4E26-BCF5-727D3C1336BB}.Release 3.5|Mixed Platforms.Build.0 = Release|x86
		{7E0E3306-36A9-4E26-BCF5-727D3C1336BB}.Release 3.5|x64.ActiveCfg = Release|x86
		{7E0E3306-36A9-4E26-BCF5-727D3C1336BB}.Release 3.5|x86.ActiveCfg = Release|x86
		{7E0E3306-36A9-4E26-BCF5-727D3C1336BB}.Release 3.5|x86.Build.0 = Release|x86
		{7E0E3306-36A9-4E26-BCF5-727D3C1336BB}.Release|Any CPU.ActiveCfg = Release|Any CPU
		{7E0E3306-36A9-4E26-BCF5-727D3C1336BB}.Release|Any CPU.Build.0 = Release|Any CPU
		{7E0E3306-36A9-4E26-BCF5-727D3C1336BB}.Release|Mixed Platforms.ActiveCfg = Release|x86
		{7E0E3306-36A9-4E26-BCF5-727D3C1336BB}.Release|Mixed Platforms.Build.0 = Release|x86
		{7E0E3306-36A9-4E26-BCF5-727D3C1336BB}.Release|x64.ActiveCfg = Release|x86
		{7E0E3306-36A9-4E26-BCF5-727D3C1336BB}.Release|x86.ActiveCfg = Release|x86
		{7E0E3306-36A9-4E26-BCF5-727D3C1336BB}.Release|x86.Build.0 = Release|x86
		{E8D46B8E-E059-4C17-B448-37C1EF0BCAB9}.Debug|Any CPU.ActiveCfg = Debug|Any CPU
		{E8D46B8E-E059-4C17-B448-37C1EF0BCAB9}.Debug|Any CPU.Build.0 = Debug|Any CPU
		{E8D46B8E-E059-4C17-B448-37C1EF0BCAB9}.Debug|Mixed Platforms.ActiveCfg = Debug|x86
		{E8D46B8E-E059-4C17-B448-37C1EF0BCAB9}.Debug|Mixed Platforms.Build.0 = Debug|x86
		{E8D46B8E-E059-4C17-B448-37C1EF0BCAB9}.Debug|x64.ActiveCfg = Debug|x86
		{E8D46B8E-E059-4C17-B448-37C1EF0BCAB9}.Debug|x86.ActiveCfg = Debug|x86
		{E8D46B8E-E059-4C17-B448-37C1EF0BCAB9}.Debug|x86.Build.0 = Debug|x86
		{E8D46B8E-E059-4C17-B448-37C1EF0BCAB9}.Release 3.5|Any CPU.ActiveCfg = Release|x86
		{E8D46B8E-E059-4C17-B448-37C1EF0BCAB9}.Release 3.5|Mixed Platforms.ActiveCfg = Release|x86
		{E8D46B8E-E059-4C17-B448-37C1EF0BCAB9}.Release 3.5|Mixed Platforms.Build.0 = Release|x86
		{E8D46B8E-E059-4C17-B448-37C1EF0BCAB9}.Release 3.5|x64.ActiveCfg = Release|x86
		{E8D46B8E-E059-4C17-B448-37C1EF0BCAB9}.Release 3.5|x86.ActiveCfg = Release|x86
		{E8D46B8E-E059-4C17-B448-37C1EF0BCAB9}.Release 3.5|x86.Build.0 = Release|x86
		{E8D46B8E-E059-4C17-B448-37C1EF0BCAB9}.Release|Any CPU.ActiveCfg = Release|Any CPU
		{E8D46B8E-E059-4C17-B448-37C1EF0BCAB9}.Release|Any CPU.Build.0 = Release|Any CPU
		{E8D46B8E-E059-4C17-B448-37C1EF0BCAB9}.Release|Mixed Platforms.ActiveCfg = Release|x86
		{E8D46B8E-E059-4C17-B448-37C1EF0BCAB9}.Release|Mixed Platforms.Build.0 = Release|x86
		{E8D46B8E-E059-4C17-B448-37C1EF0BCAB9}.Release|x64.ActiveCfg = Release|x86
		{E8D46B8E-E059-4C17-B448-37C1EF0BCAB9}.Release|x86.ActiveCfg = Release|x86
		{E8D46B8E-E059-4C17-B448-37C1EF0BCAB9}.Release|x86.Build.0 = Release|x86
		{613AEB39-7A47-483A-ADFD-7889CD3B4063}.Debug|Any CPU.ActiveCfg = Debug|x86
		{613AEB39-7A47-483A-ADFD-7889CD3B4063}.Debug|Any CPU.Build.0 = Debug|x86
		{613AEB39-7A47-483A-ADFD-7889CD3B4063}.Debug|Mixed Platforms.ActiveCfg = Debug|Any CPU
		{613AEB39-7A47-483A-ADFD-7889CD3B4063}.Debug|Mixed Platforms.Build.0 = Debug|Any CPU
		{613AEB39-7A47-483A-ADFD-7889CD3B4063}.Debug|x64.ActiveCfg = Debug|Any CPU
		{613AEB39-7A47-483A-ADFD-7889CD3B4063}.Debug|x86.ActiveCfg = Debug|Any CPU
		{613AEB39-7A47-483A-ADFD-7889CD3B4063}.Release 3.5|Any CPU.ActiveCfg = Release|Any CPU
		{613AEB39-7A47-483A-ADFD-7889CD3B4063}.Release 3.5|Any CPU.Build.0 = Release|Any CPU
		{613AEB39-7A47-483A-ADFD-7889CD3B4063}.Release 3.5|Mixed Platforms.ActiveCfg = Release|Any CPU
		{613AEB39-7A47-483A-ADFD-7889CD3B4063}.Release 3.5|Mixed Platforms.Build.0 = Release|Any CPU
		{613AEB39-7A47-483A-ADFD-7889CD3B4063}.Release 3.5|x64.ActiveCfg = Release|Any CPU
		{613AEB39-7A47-483A-ADFD-7889CD3B4063}.Release 3.5|x86.ActiveCfg = Release|Any CPU
		{613AEB39-7A47-483A-ADFD-7889CD3B4063}.Release|Any CPU.ActiveCfg = Release|Any CPU
		{613AEB39-7A47-483A-ADFD-7889CD3B4063}.Release|Any CPU.Build.0 = Release|Any CPU
		{613AEB39-7A47-483A-ADFD-7889CD3B4063}.Release|Mixed Platforms.ActiveCfg = Release|Any CPU
		{613AEB39-7A47-483A-ADFD-7889CD3B4063}.Release|Mixed Platforms.Build.0 = Release|Any CPU
		{613AEB39-7A47-483A-ADFD-7889CD3B4063}.Release|x64.ActiveCfg = Release|Any CPU
		{613AEB39-7A47-483A-ADFD-7889CD3B4063}.Release|x86.ActiveCfg = Release|Any CPU
		{EE20175B-D30D-4997-B61F-63F498F658D7}.Debug|Any CPU.ActiveCfg = Debug|Any CPU
		{EE20175B-D30D-4997-B61F-63F498F658D7}.Debug|Any CPU.Build.0 = Debug|Any CPU
		{EE20175B-D30D-4997-B61F-63F498F658D7}.Debug|Mixed Platforms.ActiveCfg = Debug|x64
		{EE20175B-D30D-4997-B61F-63F498F658D7}.Debug|Mixed Platforms.Build.0 = Debug|x64
		{EE20175B-D30D-4997-B61F-63F498F658D7}.Debug|x64.ActiveCfg = Debug|x64
		{EE20175B-D30D-4997-B61F-63F498F658D7}.Debug|x64.Build.0 = Debug|x64
		{EE20175B-D30D-4997-B61F-63F498F658D7}.Debug|x86.ActiveCfg = Debug|x86
		{EE20175B-D30D-4997-B61F-63F498F658D7}.Debug|x86.Build.0 = Debug|x86
		{EE20175B-D30D-4997-B61F-63F498F658D7}.Release 3.5|Any CPU.ActiveCfg = Release|x64
		{EE20175B-D30D-4997-B61F-63F498F658D7}.Release 3.5|Mixed Platforms.ActiveCfg = Release|x64
		{EE20175B-D30D-4997-B61F-63F498F658D7}.Release 3.5|Mixed Platforms.Build.0 = Release|x64
		{EE20175B-D30D-4997-B61F-63F498F658D7}.Release 3.5|x64.ActiveCfg = Release|x64
		{EE20175B-D30D-4997-B61F-63F498F658D7}.Release 3.5|x64.Build.0 = Release|x64
		{EE20175B-D30D-4997-B61F-63F498F658D7}.Release 3.5|x86.ActiveCfg = Release|x64
		{EE20175B-D30D-4997-B61F-63F498F658D7}.Release|Any CPU.ActiveCfg = Release|Any CPU
		{EE20175B-D30D-4997-B61F-63F498F658D7}.Release|Any CPU.Build.0 = Release|Any CPU
		{EE20175B-D30D-4997-B61F-63F498F658D7}.Release|Mixed Platforms.ActiveCfg = Release|x64
		{EE20175B-D30D-4997-B61F-63F498F658D7}.Release|Mixed Platforms.Build.0 = Release|x64
		{EE20175B-D30D-4997-B61F-63F498F658D7}.Release|x64.ActiveCfg = Release|x64
		{EE20175B-D30D-4997-B61F-63F498F658D7}.Release|x64.Build.0 = Release|x64
		{EE20175B-D30D-4997-B61F-63F498F658D7}.Release|x86.ActiveCfg = Release|x86
		{EE20175B-D30D-4997-B61F-63F498F658D7}.Release|x86.Build.0 = Release|x86
		{AE66B898-9920-4F50-AD45-C1BAF6AE5378}.Debug|Any CPU.ActiveCfg = Debug|Any CPU
		{AE66B898-9920-4F50-AD45-C1BAF6AE5378}.Debug|Any CPU.Build.0 = Debug|Any CPU
		{AE66B898-9920-4F50-AD45-C1BAF6AE5378}.Debug|Mixed Platforms.ActiveCfg = Debug|Any CPU
		{AE66B898-9920-4F50-AD45-C1BAF6AE5378}.Debug|Mixed Platforms.Build.0 = Debug|Any CPU
		{AE66B898-9920-4F50-AD45-C1BAF6AE5378}.Debug|x64.ActiveCfg = Debug|x86
		{AE66B898-9920-4F50-AD45-C1BAF6AE5378}.Debug|x86.ActiveCfg = Debug|x86
		{AE66B898-9920-4F50-AD45-C1BAF6AE5378}.Debug|x86.Build.0 = Debug|x86
		{AE66B898-9920-4F50-AD45-C1BAF6AE5378}.Release 3.5|Any CPU.ActiveCfg = Release|Any CPU
		{AE66B898-9920-4F50-AD45-C1BAF6AE5378}.Release 3.5|Any CPU.Build.0 = Release|Any CPU
		{AE66B898-9920-4F50-AD45-C1BAF6AE5378}.Release 3.5|Mixed Platforms.ActiveCfg = Release|Any CPU
		{AE66B898-9920-4F50-AD45-C1BAF6AE5378}.Release 3.5|Mixed Platforms.Build.0 = Release|Any CPU
		{AE66B898-9920-4F50-AD45-C1BAF6AE5378}.Release 3.5|x64.ActiveCfg = Release|Any CPU
		{AE66B898-9920-4F50-AD45-C1BAF6AE5378}.Release 3.5|x86.ActiveCfg = Release|Any CPU
		{AE66B898-9920-4F50-AD45-C1BAF6AE5378}.Release|Any CPU.ActiveCfg = Release|Any CPU
		{AE66B898-9920-4F50-AD45-C1BAF6AE5378}.Release|Any CPU.Build.0 = Release|Any CPU
		{AE66B898-9920-4F50-AD45-C1BAF6AE5378}.Release|Mixed Platforms.ActiveCfg = Release|Any CPU
		{AE66B898-9920-4F50-AD45-C1BAF6AE5378}.Release|Mixed Platforms.Build.0 = Release|Any CPU
		{AE66B898-9920-4F50-AD45-C1BAF6AE5378}.Release|x64.ActiveCfg = Release|x86
		{AE66B898-9920-4F50-AD45-C1BAF6AE5378}.Release|x86.ActiveCfg = Release|x86
		{AE66B898-9920-4F50-AD45-C1BAF6AE5378}.Release|x86.Build.0 = Release|x86
	EndGlobalSection
	GlobalSection(SolutionProperties) = preSolution
		HideSolutionNode = FALSE
	EndGlobalSection
	GlobalSection(NestedProjects) = preSolution
		{613AEB39-7A47-483A-ADFD-7889CD3B4063} = {69C2CA7B-86B4-4994-BE4D-E8C7B0B78FD6}
		{EE20175B-D30D-4997-B61F-63F498F658D7} = {69C2CA7B-86B4-4994-BE4D-E8C7B0B78FD6}
		{AE66B898-9920-4F50-AD45-C1BAF6AE5378} = {69C2CA7B-86B4-4994-BE4D-E8C7B0B78FD6}
	EndGlobalSection
EndGlobal
