
Microsoft Visual Studio Solution File, Format Version 11.00
# Visual Studio 2010
Project("{F184B08F-C81C-45F6-A57F-5ABD9991F28F}") = "D4EM.Data.Source.BASINS", "D4EM.Data.Source\BASINS\D4EM.Data.Source.BASINS.vbproj", "{1A68540D-13CA-46AF-93E6-2C864E6627C7}"
EndProject
Project("{F184B08F-C81C-45F6-A57F-5ABD9991F28F}") = "D4EM.Data.Source.NLDAS", "D4EM.Data.Source\NLDAS\D4EM.Data.Source.NLDAS.vbproj", "{B8E2D4B9-3AC3-4160-A4B7-6B9D0AE03FE0}"
EndProject
Project("{F184B08F-C81C-45F6-A57F-5ABD9991F28F}") = "D4EM.Data.Source.NWIS", "D4EM.Data.Source\NWIS\D4EM.Data.Source.NWIS.vbproj", "{E00C40D7-1EB7-44DE-A196-619AC2016689}"
EndProject
Project("{F184B08F-C81C-45F6-A57F-5ABD9991F28F}") = "D4EM.Data.Source.USGS_Seamless", "D4EM.Data.Source\USGS_Seamless\D4EM.Data.Source.USGS_Seamless.vbproj", "{2CF5E4F7-8649-40F7-8481-CEFE720262CF}"
EndProject
Project("{F184B08F-C81C-45F6-A57F-5ABD9991F28F}") = "D4EM.Data", "D4EM.Data\D4EM.Data.vbproj", "{06768E3A-87AE-4D46-A45A-C43C6109D43F}"
EndProject
Project("{F184B08F-C81C-45F6-A57F-5ABD9991F28F}") = "D4EM.Geo", "D4EM.Geo\D4EM.Geo.vbproj", "{573A99FB-08DE-4B28-8628-AC7089348D96}"
EndProject
Project("{F184B08F-C81C-45F6-A57F-5ABD9991F28F}") = "D4EM.Data.Source.NRCS_Soil", "D4EM.Data.Source\NRCS_Soil\D4EM.Data.Source.NRCS_Soil.vbproj", "{7612F73D-72CD-4A3D-861A-401E0E5F72BA}"
EndProject
Project("{FAE04EC0-301F-11D3-BF4B-00C04F79EFBC}") = "D4EMInterface", "Examples\D4EMInterface\D4EMInterface.csproj", "{7C204F58-353C-4F01-AE5C-C098897B265E}"
EndProject
Project("{9A19103F-16F7-4668-BE54-9A1E7A4F7556}") = "D4EM.Data.Source.NASS", "D4EM.Data.Source\NASS\D4EM.Data.Source.NASS.csproj", "{842D42C9-0868-4512-8F91-160900C4B391}"
EndProject
Project("{FAE04EC0-301F-11D3-BF4B-00C04F79EFBC}") = "D4EM.Data.Source.NatureServe", "D4EM.Data.Source\NatureServe\D4EM.Data.Source.NatureServe.csproj", "{82A2BCAF-A6E3-4343-AA01-0917CFB0D07C}"
EndProject
Project("{FAE04EC0-301F-11D3-BF4B-00C04F79EFBC}") = "D4EM.Data.Source.NDBC", "D4EM.Data.Source\NDBC\D4EM.Data.Source.NDBC.csproj", "{9DE4F372-561C-4E73-9C85-13FCA9411DB1}"
EndProject
Project("{F184B08F-C81C-45F6-A57F-5ABD9991F28F}") = "D4EM.Data.Source.Storet", "D4EM.Data.Source\Storet\D4EM.Data.Source.Storet.vbproj", "{B39B85B9-65F1-4FB7-B8E5-7A8559DFA368}"
EndProject
Project("{FAE04EC0-301F-11D3-BF4B-00C04F79EFBC}") = "D4EM.Data.Source.WDNR", "D4EM.Data.Source\WDNR\D4EM.Data.Source.WDNR.csproj", "{6616ECF9-EDD5-4B2F-9D01-F985734835DE}"
EndProject
Project("{FAE04EC0-301F-11D3-BF4B-00C04F79EFBC}") = "DemoMap", "Examples\D4EMmap\DemoMap.csproj", "{41CFDE8E-1D32-40D6-B261-AE0DB3D042EB}"
EndProject
Project("{FAE04EC0-301F-11D3-BF4B-00C04F79EFBC}") = "MapPlugin_BASINS", "Examples\PluginSourceCode\D4EM_BASINS SourceCode\MapPlugin_BASINS.csproj", "{D60DD02B-B93B-495D-B199-6BD7361C5B0F}"
EndProject
Project("{FAE04EC0-301F-11D3-BF4B-00C04F79EFBC}") = "MapPlugin_NASS", "Examples\PluginSourceCode\D4EM_NASS SourceCode\D4EM_NASS\MapPlugin_NASS.csproj", "{1D202081-BFE6-4B08-845C-EBD3F43E35CF}"
EndProject
Project("{FAE04EC0-301F-11D3-BF4B-00C04F79EFBC}") = "MapPlugin_NatureServe", "Examples\PluginSourceCode\D4EM_NatureServe SourceCode\MapPlugin_NatureServe.csproj", "{8260E0B1-0DBD-486D-BA84-470BD0B776F9}"
EndProject
Project("{FAE04EC0-301F-11D3-BF4B-00C04F79EFBC}") = "MapPlugin_NCDC", "Examples\PluginSourceCode\D4EM_NCDC SourceCode\D4EM_NCDC\MapPlugin_NCDC.csproj", "{EF603D01-5D84-4EBA-900D-E55836979E5A}"
EndProject
Project("{FAE04EC0-301F-11D3-BF4B-00C04F79EFBC}") = "MapPlugin_NDBC", "Examples\PluginSourceCode\D4EM_NDBC Source Code\D4EM_NDBC\MapPlugin_NDBC.csproj", "{44229A5C-EAEC-4482-AADF-F0DC92B6979C}"
EndProject
Project("{FAE04EC0-301F-11D3-BF4B-00C04F79EFBC}") = "MapPlugin_NRCS_Soil", "Examples\PluginSourceCode\D4EM_NRCS_Soil SourceCode\D4EM_NRCS_Soil\MapPlugin_NRCS_Soil.csproj", "{38CB16CA-7BE2-4B8D-AEF2-05EFAC8B4D62}"
EndProject
Project("{FAE04EC0-301F-11D3-BF4B-00C04F79EFBC}") = "MapPlugin_NWIS", "Examples\PluginSourceCode\D4EM_NWIS SourceCode\MapPlugin_NWIS.csproj", "{895EF432-CB6F-44D9-8F01-9B35A8ACA9F8}"
EndProject
Project("{FAE04EC0-301F-11D3-BF4B-00C04F79EFBC}") = "MapPlugin_Storet", "Examples\PluginSourceCode\D4EM_Storet SourceCode\D4EM_Storet\MapPlugin_Storet.csproj", "{BA5E85F2-4A7A-4B1A-B3DA-2D4DFC705514}"
EndProject
Project("{FAE04EC0-301F-11D3-BF4B-00C04F79EFBC}") = "MapPlugin_WDNR", "Examples\PluginSourceCode\D4EM_WDNR SourceCode\D4EM_WDNR\MapPlugin_WDNR.csproj", "{A9EDC398-88B6-432D-A733-E924F7A01F00}"
EndProject
Project("{9A19103F-16F7-4668-BE54-9A1E7A4F7556}") = "D4EM.Data.Source.NCDC", "D4EM.Data.Source\NCDC\D4EM.Data.Source.NCDC.csproj", "{1A8BFF0E-75FC-4DD8-AFFA-61D94BA0F369}"
EndProject
Project("{FAE04EC0-301F-11D3-BF4B-00C04F79EFBC}") = "D4EMSystemTesting", "Examples\SystemTesting\D4EMSystemTesting.csproj", "{C700F122-D6C7-47D5-89B9-FD432A1601F4}"
EndProject
Project("{FAE04EC0-301F-11D3-BF4B-00C04F79EFBC}") = "D4EM.Data.Source.NAWQA", "D4EM.Data.Source\NAWQA\D4EM.Data.Source.NAWQA\D4EM.Data.Source.NAWQA.csproj", "{E7D133B8-1F64-4717-BFF2-8B31F6B5ECD8}"
EndProject
Project("{FAE04EC0-301F-11D3-BF4B-00C04F79EFBC}") = "MapPlugin_NAWQA", "Examples\PluginSourceCode\D4EM_NAWQA SourceCode\MapPlugin_NAWQA\MapPlugin_NAWQA.csproj", "{9C5FF5FB-1682-48B1-89E9-0B74BFFCC6BC}"
EndProject
Project("{F184B08F-C81C-45F6-A57F-5ABD9991F28F}") = "D4EM.Data.Source.NHDPlus", "D4EM.Data.Source\NHDPlus\D4EM.Data.Source.NHDPlus.vbproj", "{6B7283C6-6DDE-41E9-BA00-F3EDD604B38B}"
EndProject
Project("{9A19103F-16F7-4668-BE54-9A1E7A4F7556}") = "EPAUtility", "Utility\EPAUtility\EPAUtility.csproj", "{79EB8DAF-410E-4CB1-A0EA-01FAA5CC675C}"
EndProject
Project("{F184B08F-C81C-45F6-A57F-5ABD9991F28F}") = "D4EM.Model.SWAT", "D4EM.Model\SWAT\D4EM.Model.SWAT.vbproj", "{22888497-60ED-4792-936A-91131B7629DD}"
EndProject
Project("{F184B08F-C81C-45F6-A57F-5ABD9991F28F}") = "D4EM.Model.HSPF", "D4EM.Model\HSPF\D4EM.Model.HSPF.vbproj", "{D84BAE9D-AE01-490A-856E-56DB6E846629}"
EndProject
Project("{9A19103F-16F7-4668-BE54-9A1E7A4F7556}") = "D4EM.Data.Source.EPAWaters", "D4EM.Data.Source\EPAWaters\D4EM.Data.Source.EPAWaters.csproj", "{E8D46B8E-E059-4C17-B448-37C1EF0BCAB9}"
EndProject
Project("{FAE04EC0-301F-11D3-BF4B-00C04F79EFBC}") = "MapPlugin_USGS_Seamless", "Examples\PluginSourceCode\D4EM_USGS_Seamless Source Code\D4EM_USGS_Seamless\MapPlugin_USGS_Seamless.csproj", "{A4609D43-EEC6-492D-A44A-8F229F9E3C8D}"
EndProject
Project("{FAE04EC0-301F-11D3-BF4B-00C04F79EFBC}") = "MapPlugin_NHDPlus", "Examples\PluginSourceCode\D4EM_NHDPlus SourceCode\MapPlugin_NHDPlus.csproj", "{BC1CE23A-A666-4758-95E9-95D5EF27CCC3}"
EndProject
Global
	GlobalSection(SolutionConfigurationPlatforms) = preSolution
		Debug|Any CPU = Debug|Any CPU
		Debug|Mixed Platforms = Debug|Mixed Platforms
		Debug|x64 = Debug|x64
		Debug|x86 = Debug|x86
		Release 3.5|Any CPU = Release 3.5|Any CPU
		Release 3.5|Mixed Platforms = Release 3.5|Mixed Platforms
		Release 3.5|x64 = Release 3.5|x64
		Release 3.5|x86 = Release 3.5|x86
		Release|Any CPU = Release|Any CPU
		Release|Mixed Platforms = Release|Mixed Platforms
		Release|x64 = Release|x64
		Release|x86 = Release|x86
	EndGlobalSection
	GlobalSection(ProjectConfigurationPlatforms) = postSolution
		{1A68540D-13CA-46AF-93E6-2C864E6627C7}.Debug|Any CPU.ActiveCfg = Debug|Any CPU
		{1A68540D-13CA-46AF-93E6-2C864E6627C7}.Debug|Any CPU.Build.0 = Debug|Any CPU
		{1A68540D-13CA-46AF-93E6-2C864E6627C7}.Debug|Mixed Platforms.ActiveCfg = Debug|x86
		{1A68540D-13CA-46AF-93E6-2C864E6627C7}.Debug|Mixed Platforms.Build.0 = Debug|x86
		{1A68540D-13CA-46AF-93E6-2C864E6627C7}.Debug|x64.ActiveCfg = Debug|x64
		{1A68540D-13CA-46AF-93E6-2C864E6627C7}.Debug|x64.Build.0 = Debug|x64
		{1A68540D-13CA-46AF-93E6-2C864E6627C7}.Debug|x86.ActiveCfg = Debug|x86
		{1A68540D-13CA-46AF-93E6-2C864E6627C7}.Debug|x86.Build.0 = Debug|x86
		{1A68540D-13CA-46AF-93E6-2C864E6627C7}.Release 3.5|Any CPU.ActiveCfg = Release|x86
		{1A68540D-13CA-46AF-93E6-2C864E6627C7}.Release 3.5|Mixed Platforms.ActiveCfg = Release|x86
		{1A68540D-13CA-46AF-93E6-2C864E6627C7}.Release 3.5|Mixed Platforms.Build.0 = Release|x86
		{1A68540D-13CA-46AF-93E6-2C864E6627C7}.Release 3.5|x64.ActiveCfg = Release|x86
		{1A68540D-13CA-46AF-93E6-2C864E6627C7}.Release 3.5|x86.ActiveCfg = Release|x86
		{1A68540D-13CA-46AF-93E6-2C864E6627C7}.Release 3.5|x86.Build.0 = Release|x86
		{1A68540D-13CA-46AF-93E6-2C864E6627C7}.Release|Any CPU.ActiveCfg = Release|Any CPU
		{1A68540D-13CA-46AF-93E6-2C864E6627C7}.Release|Any CPU.Build.0 = Release|Any CPU
		{1A68540D-13CA-46AF-93E6-2C864E6627C7}.Release|Mixed Platforms.ActiveCfg = Release|x86
		{1A68540D-13CA-46AF-93E6-2C864E6627C7}.Release|Mixed Platforms.Build.0 = Release|x86
		{1A68540D-13CA-46AF-93E6-2C864E6627C7}.Release|x64.ActiveCfg = Release|x64
		{1A68540D-13CA-46AF-93E6-2C864E6627C7}.Release|x64.Build.0 = Release|x64
		{1A68540D-13CA-46AF-93E6-2C864E6627C7}.Release|x86.ActiveCfg = Release|x86
		{1A68540D-13CA-46AF-93E6-2C864E6627C7}.Release|x86.Build.0 = Release|x86
		{B8E2D4B9-3AC3-4160-A4B7-6B9D0AE03FE0}.Debug|Any CPU.ActiveCfg = Debug|Any CPU
		{B8E2D4B9-3AC3-4160-A4B7-6B9D0AE03FE0}.Debug|Any CPU.Build.0 = Debug|Any CPU
		{B8E2D4B9-3AC3-4160-A4B7-6B9D0AE03FE0}.Debug|Mixed Platforms.ActiveCfg = Debug|x86
		{B8E2D4B9-3AC3-4160-A4B7-6B9D0AE03FE0}.Debug|Mixed Platforms.Build.0 = Debug|x86
		{B8E2D4B9-3AC3-4160-A4B7-6B9D0AE03FE0}.Debug|x64.ActiveCfg = Debug|x64
		{B8E2D4B9-3AC3-4160-A4B7-6B9D0AE03FE0}.Debug|x64.Build.0 = Debug|x64
		{B8E2D4B9-3AC3-4160-A4B7-6B9D0AE03FE0}.Debug|x86.ActiveCfg = Debug|x86
		{B8E2D4B9-3AC3-4160-A4B7-6B9D0AE03FE0}.Debug|x86.Build.0 = Debug|x86
		{B8E2D4B9-3AC3-4160-A4B7-6B9D0AE03FE0}.Release 3.5|Any CPU.ActiveCfg = Release|x86
		{B8E2D4B9-3AC3-4160-A4B7-6B9D0AE03FE0}.Release 3.5|Mixed Platforms.ActiveCfg = Release|x86
		{B8E2D4B9-3AC3-4160-A4B7-6B9D0AE03FE0}.Release 3.5|Mixed Platforms.Build.0 = Release|x86
		{B8E2D4B9-3AC3-4160-A4B7-6B9D0AE03FE0}.Release 3.5|x64.ActiveCfg = Release|x86
		{B8E2D4B9-3AC3-4160-A4B7-6B9D0AE03FE0}.Release 3.5|x86.ActiveCfg = Release|x86
		{B8E2D4B9-3AC3-4160-A4B7-6B9D0AE03FE0}.Release 3.5|x86.Build.0 = Release|x86
		{B8E2D4B9-3AC3-4160-A4B7-6B9D0AE03FE0}.Release|Any CPU.ActiveCfg = Release|Any CPU
		{B8E2D4B9-3AC3-4160-A4B7-6B9D0AE03FE0}.Release|Any CPU.Build.0 = Release|Any CPU
		{B8E2D4B9-3AC3-4160-A4B7-6B9D0AE03FE0}.Release|Mixed Platforms.ActiveCfg = Release|x86
		{B8E2D4B9-3AC3-4160-A4B7-6B9D0AE03FE0}.Release|Mixed Platforms.Build.0 = Release|x86
		{B8E2D4B9-3AC3-4160-A4B7-6B9D0AE03FE0}.Release|x64.ActiveCfg = Release|x64
		{B8E2D4B9-3AC3-4160-A4B7-6B9D0AE03FE0}.Release|x64.Build.0 = Release|x64
		{B8E2D4B9-3AC3-4160-A4B7-6B9D0AE03FE0}.Release|x86.ActiveCfg = Release|x86
		{B8E2D4B9-3AC3-4160-A4B7-6B9D0AE03FE0}.Release|x86.Build.0 = Release|x86
		{E00C40D7-1EB7-44DE-A196-619AC2016689}.Debug|Any CPU.ActiveCfg = Debug|Any CPU
		{E00C40D7-1EB7-44DE-A196-619AC2016689}.Debug|Any CPU.Build.0 = Debug|Any CPU
		{E00C40D7-1EB7-44DE-A196-619AC2016689}.Debug|Mixed Platforms.ActiveCfg = Debug|x86
		{E00C40D7-1EB7-44DE-A196-619AC2016689}.Debug|Mixed Platforms.Build.0 = Debug|x86
		{E00C40D7-1EB7-44DE-A196-619AC2016689}.Debug|x64.ActiveCfg = Debug|x64
		{E00C40D7-1EB7-44DE-A196-619AC2016689}.Debug|x64.Build.0 = Debug|x64
		{E00C40D7-1EB7-44DE-A196-619AC2016689}.Debug|x86.ActiveCfg = Debug|x86
		{E00C40D7-1EB7-44DE-A196-619AC2016689}.Debug|x86.Build.0 = Debug|x86
		{E00C40D7-1EB7-44DE-A196-619AC2016689}.Release 3.5|Any CPU.ActiveCfg = Release|x86
		{E00C40D7-1EB7-44DE-A196-619AC2016689}.Release 3.5|Mixed Platforms.ActiveCfg = Release|x86
		{E00C40D7-1EB7-44DE-A196-619AC2016689}.Release 3.5|Mixed Platforms.Build.0 = Release|x86
		{E00C40D7-1EB7-44DE-A196-619AC2016689}.Release 3.5|x64.ActiveCfg = Release|x86
		{E00C40D7-1EB7-44DE-A196-619AC2016689}.Release 3.5|x86.ActiveCfg = Release|x86
		{E00C40D7-1EB7-44DE-A196-619AC2016689}.Release 3.5|x86.Build.0 = Release|x86
		{E00C40D7-1EB7-44DE-A196-619AC2016689}.Release|Any CPU.ActiveCfg = Release|Any CPU
		{E00C40D7-1EB7-44DE-A196-619AC2016689}.Release|Any CPU.Build.0 = Release|Any CPU
		{E00C40D7-1EB7-44DE-A196-619AC2016689}.Release|Mixed Platforms.ActiveCfg = Release|x86
		{E00C40D7-1EB7-44DE-A196-619AC2016689}.Release|Mixed Platforms.Build.0 = Release|x86
		{E00C40D7-1EB7-44DE-A196-619AC2016689}.Release|x64.ActiveCfg = Release|x64
		{E00C40D7-1EB7-44DE-A196-619AC2016689}.Release|x64.Build.0 = Release|x64
		{E00C40D7-1EB7-44DE-A196-619AC2016689}.Release|x86.ActiveCfg = Release|x86
		{E00C40D7-1EB7-44DE-A196-619AC2016689}.Release|x86.Build.0 = Release|x86
		{2CF5E4F7-8649-40F7-8481-CEFE720262CF}.Debug|Any CPU.ActiveCfg = Debug|Any CPU
		{2CF5E4F7-8649-40F7-8481-CEFE720262CF}.Debug|Any CPU.Build.0 = Debug|Any CPU
		{2CF5E4F7-8649-40F7-8481-CEFE720262CF}.Debug|Mixed Platforms.ActiveCfg = Debug|x86
		{2CF5E4F7-8649-40F7-8481-CEFE720262CF}.Debug|Mixed Platforms.Build.0 = Debug|x86
		{2CF5E4F7-8649-40F7-8481-CEFE720262CF}.Debug|x64.ActiveCfg = Debug|x64
		{2CF5E4F7-8649-40F7-8481-CEFE720262CF}.Debug|x64.Build.0 = Debug|x64
		{2CF5E4F7-8649-40F7-8481-CEFE720262CF}.Debug|x86.ActiveCfg = Debug|x86
		{2CF5E4F7-8649-40F7-8481-CEFE720262CF}.Debug|x86.Build.0 = Debug|x86
		{2CF5E4F7-8649-40F7-8481-CEFE720262CF}.Release 3.5|Any CPU.ActiveCfg = Release|x86
		{2CF5E4F7-8649-40F7-8481-CEFE720262CF}.Release 3.5|Mixed Platforms.ActiveCfg = Release|x86
		{2CF5E4F7-8649-40F7-8481-CEFE720262CF}.Release 3.5|Mixed Platforms.Build.0 = Release|x86
		{2CF5E4F7-8649-40F7-8481-CEFE720262CF}.Release 3.5|x64.ActiveCfg = Release|x86
		{2CF5E4F7-8649-40F7-8481-CEFE720262CF}.Release 3.5|x86.ActiveCfg = Release|x86
		{2CF5E4F7-8649-40F7-8481-CEFE720262CF}.Release 3.5|x86.Build.0 = Release|x86
		{2CF5E4F7-8649-40F7-8481-CEFE720262CF}.Release|Any CPU.ActiveCfg = Release|Any CPU
		{2CF5E4F7-8649-40F7-8481-CEFE720262CF}.Release|Any CPU.Build.0 = Release|Any CPU
		{2CF5E4F7-8649-40F7-8481-CEFE720262CF}.Release|Mixed Platforms.ActiveCfg = Release|x86
		{2CF5E4F7-8649-40F7-8481-CEFE720262CF}.Release|Mixed Platforms.Build.0 = Release|x86
		{2CF5E4F7-8649-40F7-8481-CEFE720262CF}.Release|x64.ActiveCfg = Release|x64
		{2CF5E4F7-8649-40F7-8481-CEFE720262CF}.Release|x64.Build.0 = Release|x64
		{2CF5E4F7-8649-40F7-8481-CEFE720262CF}.Release|x86.ActiveCfg = Release|x86
		{2CF5E4F7-8649-40F7-8481-CEFE720262CF}.Release|x86.Build.0 = Release|x86
		{06768E3A-87AE-4D46-A45A-C43C6109D43F}.Debug|Any CPU.ActiveCfg = Debug|Any CPU
		{06768E3A-87AE-4D46-A45A-C43C6109D43F}.Debug|Any CPU.Build.0 = Debug|Any CPU
		{06768E3A-87AE-4D46-A45A-C43C6109D43F}.Debug|Mixed Platforms.ActiveCfg = Debug|x86
		{06768E3A-87AE-4D46-A45A-C43C6109D43F}.Debug|Mixed Platforms.Build.0 = Debug|x86
		{06768E3A-87AE-4D46-A45A-C43C6109D43F}.Debug|x64.ActiveCfg = Debug|x64
		{06768E3A-87AE-4D46-A45A-C43C6109D43F}.Debug|x64.Build.0 = Debug|x64
		{06768E3A-87AE-4D46-A45A-C43C6109D43F}.Debug|x86.ActiveCfg = Debug|x86
		{06768E3A-87AE-4D46-A45A-C43C6109D43F}.Debug|x86.Build.0 = Debug|x86
		{06768E3A-87AE-4D46-A45A-C43C6109D43F}.Release 3.5|Any CPU.ActiveCfg = Release|x86
		{06768E3A-87AE-4D46-A45A-C43C6109D43F}.Release 3.5|Mixed Platforms.ActiveCfg = Release|x86
		{06768E3A-87AE-4D46-A45A-C43C6109D43F}.Release 3.5|Mixed Platforms.Build.0 = Release|x86
		{06768E3A-87AE-4D46-A45A-C43C6109D43F}.Release 3.5|x64.ActiveCfg = Release|x86
		{06768E3A-87AE-4D46-A45A-C43C6109D43F}.Release 3.5|x86.ActiveCfg = Release|x86
		{06768E3A-87AE-4D46-A45A-C43C6109D43F}.Release 3.5|x86.Build.0 = Release|x86
		{06768E3A-87AE-4D46-A45A-C43C6109D43F}.Release|Any CPU.ActiveCfg = Release|Any CPU
		{06768E3A-87AE-4D46-A45A-C43C6109D43F}.Release|Any CPU.Build.0 = Release|Any CPU
		{06768E3A-87AE-4D46-A45A-C43C6109D43F}.Release|Mixed Platforms.ActiveCfg = Release|x86
		{06768E3A-87AE-4D46-A45A-C43C6109D43F}.Release|Mixed Platforms.Build.0 = Release|x86
		{06768E3A-87AE-4D46-A45A-C43C6109D43F}.Release|x64.ActiveCfg = Release|x64
		{06768E3A-87AE-4D46-A45A-C43C6109D43F}.Release|x64.Build.0 = Release|x64
		{06768E3A-87AE-4D46-A45A-C43C6109D43F}.Release|x86.ActiveCfg = Release|x86
		{06768E3A-87AE-4D46-A45A-C43C6109D43F}.Release|x86.Build.0 = Release|x86
		{573A99FB-08DE-4B28-8628-AC7089348D96}.Debug|Any CPU.ActiveCfg = Debug|Any CPU
		{573A99FB-08DE-4B28-8628-AC7089348D96}.Debug|Any CPU.Build.0 = Debug|Any CPU
		{573A99FB-08DE-4B28-8628-AC7089348D96}.Debug|Mixed Platforms.ActiveCfg = Debug|x86
		{573A99FB-08DE-4B28-8628-AC7089348D96}.Debug|Mixed Platforms.Build.0 = Debug|x86
		{573A99FB-08DE-4B28-8628-AC7089348D96}.Debug|x64.ActiveCfg = Debug|x64
		{573A99FB-08DE-4B28-8628-AC7089348D96}.Debug|x64.Build.0 = Debug|x64
		{573A99FB-08DE-4B28-8628-AC7089348D96}.Debug|x86.ActiveCfg = Debug|x86
		{573A99FB-08DE-4B28-8628-AC7089348D96}.Debug|x86.Build.0 = Debug|x86
		{573A99FB-08DE-4B28-8628-AC7089348D96}.Release 3.5|Any CPU.ActiveCfg = Release|x86
		{573A99FB-08DE-4B28-8628-AC7089348D96}.Release 3.5|Mixed Platforms.ActiveCfg = Release|x86
		{573A99FB-08DE-4B28-8628-AC7089348D96}.Release 3.5|Mixed Platforms.Build.0 = Release|x86
		{573A99FB-08DE-4B28-8628-AC7089348D96}.Release 3.5|x64.ActiveCfg = Release|x86
		{573A99FB-08DE-4B28-8628-AC7089348D96}.Release 3.5|x86.ActiveCfg = Release|x86
		{573A99FB-08DE-4B28-8628-AC7089348D96}.Release 3.5|x86.Build.0 = Release|x86
		{573A99FB-08DE-4B28-8628-AC7089348D96}.Release|Any CPU.ActiveCfg = Release|Any CPU
		{573A99FB-08DE-4B28-8628-AC7089348D96}.Release|Any CPU.Build.0 = Release|Any CPU
		{573A99FB-08DE-4B28-8628-AC7089348D96}.Release|Mixed Platforms.ActiveCfg = Release|x86
		{573A99FB-08DE-4B28-8628-AC7089348D96}.Release|Mixed Platforms.Build.0 = Release|x86
		{573A99FB-08DE-4B28-8628-AC7089348D96}.Release|x64.ActiveCfg = Release|x86
		{573A99FB-08DE-4B28-8628-AC7089348D96}.Release|x86.ActiveCfg = Release|x86
		{573A99FB-08DE-4B28-8628-AC7089348D96}.Release|x86.Build.0 = Release|x86
		{7612F73D-72CD-4A3D-861A-401E0E5F72BA}.Debug|Any CPU.ActiveCfg = Debug|Any CPU
		{7612F73D-72CD-4A3D-861A-401E0E5F72BA}.Debug|Any CPU.Build.0 = Debug|Any CPU
		{7612F73D-72CD-4A3D-861A-401E0E5F72BA}.Debug|Mixed Platforms.ActiveCfg = Debug|x86
		{7612F73D-72CD-4A3D-861A-401E0E5F72BA}.Debug|Mixed Platforms.Build.0 = Debug|x86
		{7612F73D-72CD-4A3D-861A-401E0E5F72BA}.Debug|x64.ActiveCfg = Debug|x64
		{7612F73D-72CD-4A3D-861A-401E0E5F72BA}.Debug|x64.Build.0 = Debug|x64
		{7612F73D-72CD-4A3D-861A-401E0E5F72BA}.Debug|x86.ActiveCfg = Debug|x86
		{7612F73D-72CD-4A3D-861A-401E0E5F72BA}.Debug|x86.Build.0 = Debug|x86
		{7612F73D-72CD-4A3D-861A-401E0E5F72BA}.Release 3.5|Any CPU.ActiveCfg = Release|x86
		{7612F73D-72CD-4A3D-861A-401E0E5F72BA}.Release 3.5|Mixed Platforms.ActiveCfg = Release|x86
		{7612F73D-72CD-4A3D-861A-401E0E5F72BA}.Release 3.5|Mixed Platforms.Build.0 = Release|x86
		{7612F73D-72CD-4A3D-861A-401E0E5F72BA}.Release 3.5|x64.ActiveCfg = Release|x86
		{7612F73D-72CD-4A3D-861A-401E0E5F72BA}.Release 3.5|x86.ActiveCfg = Release|x86
		{7612F73D-72CD-4A3D-861A-401E0E5F72BA}.Release 3.5|x86.Build.0 = Release|x86
		{7612F73D-72CD-4A3D-861A-401E0E5F72BA}.Release|Any CPU.ActiveCfg = Release|Any CPU
		{7612F73D-72CD-4A3D-861A-401E0E5F72BA}.Release|Any CPU.Build.0 = Release|Any CPU
		{7612F73D-72CD-4A3D-861A-401E0E5F72BA}.Release|Mixed Platforms.ActiveCfg = Release|x86
		{7612F73D-72CD-4A3D-861A-401E0E5F72BA}.Release|Mixed Platforms.Build.0 = Release|x86
		{7612F73D-72CD-4A3D-861A-401E0E5F72BA}.Release|x64.ActiveCfg = Release|x64
		{7612F73D-72CD-4A3D-861A-401E0E5F72BA}.Release|x64.Build.0 = Release|x64
		{7612F73D-72CD-4A3D-861A-401E0E5F72BA}.Release|x86.ActiveCfg = Release|x86
		{7612F73D-72CD-4A3D-861A-401E0E5F72BA}.Release|x86.Build.0 = Release|x86
		{7C204F58-353C-4F01-AE5C-C098897B265E}.Debug|Any CPU.ActiveCfg = Debug|x86
		{7C204F58-353C-4F01-AE5C-C098897B265E}.Debug|Mixed Platforms.ActiveCfg = Debug|x86
		{7C204F58-353C-4F01-AE5C-C098897B265E}.Debug|Mixed Platforms.Build.0 = Debug|x86
		{7C204F58-353C-4F01-AE5C-C098897B265E}.Debug|x64.ActiveCfg = Debug|x86
		{7C204F58-353C-4F01-AE5C-C098897B265E}.Debug|x86.ActiveCfg = Debug|x86
		{7C204F58-353C-4F01-AE5C-C098897B265E}.Debug|x86.Build.0 = Debug|x86
		{7C204F58-353C-4F01-AE5C-C098897B265E}.Release 3.5|Any CPU.ActiveCfg = Release|x86
		{7C204F58-353C-4F01-AE5C-C098897B265E}.Release 3.5|Mixed Platforms.ActiveCfg = Release|x86
		{7C204F58-353C-4F01-AE5C-C098897B265E}.Release 3.5|Mixed Platforms.Build.0 = Release|x86
		{7C204F58-353C-4F01-AE5C-C098897B265E}.Release 3.5|x64.ActiveCfg = Release|x86
		{7C204F58-353C-4F01-AE5C-C098897B265E}.Release 3.5|x86.ActiveCfg = Release|x86
		{7C204F58-353C-4F01-AE5C-C098897B265E}.Release 3.5|x86.Build.0 = Release|x86
		{7C204F58-353C-4F01-AE5C-C098897B265E}.Release|Any CPU.ActiveCfg = Release|x86
		{7C204F58-353C-4F01-AE5C-C098897B265E}.Release|Mixed Platforms.ActiveCfg = Release|x86
		{7C204F58-353C-4F01-AE5C-C098897B265E}.Release|Mixed Platforms.Build.0 = Release|x86
		{7C204F58-353C-4F01-AE5C-C098897B265E}.Release|x64.ActiveCfg = Release|x86
		{7C204F58-353C-4F01-AE5C-C098897B265E}.Release|x86.ActiveCfg = Release|x86
		{7C204F58-353C-4F01-AE5C-C098897B265E}.Release|x86.Build.0 = Release|x86
		{842D42C9-0868-4512-8F91-160900C4B391}.Debug|Any CPU.ActiveCfg = Debug|Any CPU
		{842D42C9-0868-4512-8F91-160900C4B391}.Debug|Any CPU.Build.0 = Debug|Any CPU
		{842D42C9-0868-4512-8F91-160900C4B391}.Debug|Mixed Platforms.ActiveCfg = Debug|x86
		{842D42C9-0868-4512-8F91-160900C4B391}.Debug|Mixed Platforms.Build.0 = Debug|x86
		{842D42C9-0868-4512-8F91-160900C4B391}.Debug|x64.ActiveCfg = Debug|Any CPU
		{842D42C9-0868-4512-8F91-160900C4B391}.Debug|x86.ActiveCfg = Debug|x86
		{842D42C9-0868-4512-8F91-160900C4B391}.Debug|x86.Build.0 = Debug|x86
		{842D42C9-0868-4512-8F91-160900C4B391}.Release 3.5|Any CPU.ActiveCfg = Release|Any CPU
		{842D42C9-0868-4512-8F91-160900C4B391}.Release 3.5|Any CPU.Build.0 = Release|Any CPU
		{842D42C9-0868-4512-8F91-160900C4B391}.Release 3.5|Mixed Platforms.ActiveCfg = Release|Any CPU
		{842D42C9-0868-4512-8F91-160900C4B391}.Release 3.5|Mixed Platforms.Build.0 = Release|Any CPU
		{842D42C9-0868-4512-8F91-160900C4B391}.Release 3.5|x64.ActiveCfg = Release|Any CPU
		{842D42C9-0868-4512-8F91-160900C4B391}.Release 3.5|x86.ActiveCfg = Release|Any CPU
		{842D42C9-0868-4512-8F91-160900C4B391}.Release|Any CPU.ActiveCfg = Release|Any CPU
		{842D42C9-0868-4512-8F91-160900C4B391}.Release|Any CPU.Build.0 = Release|Any CPU
		{842D42C9-0868-4512-8F91-160900C4B391}.Release|Mixed Platforms.ActiveCfg = Release|Any CPU
		{842D42C9-0868-4512-8F91-160900C4B391}.Release|Mixed Platforms.Build.0 = Release|Any CPU
		{842D42C9-0868-4512-8F91-160900C4B391}.Release|x64.ActiveCfg = Release|Any CPU
		{842D42C9-0868-4512-8F91-160900C4B391}.Release|x86.ActiveCfg = Release|Any CPU
		{82A2BCAF-A6E3-4343-AA01-0917CFB0D07C}.Debug|Any CPU.ActiveCfg = Debug|Any CPU
		{82A2BCAF-A6E3-4343-AA01-0917CFB0D07C}.Debug|Any CPU.Build.0 = Debug|Any CPU
		{82A2BCAF-A6E3-4343-AA01-0917CFB0D07C}.Debug|Mixed Platforms.ActiveCfg = Debug|x86
		{82A2BCAF-A6E3-4343-AA01-0917CFB0D07C}.Debug|Mixed Platforms.Build.0 = Debug|x86
		{82A2BCAF-A6E3-4343-AA01-0917CFB0D07C}.Debug|x64.ActiveCfg = Debug|Any CPU
		{82A2BCAF-A6E3-4343-AA01-0917CFB0D07C}.Debug|x86.ActiveCfg = Debug|x86
		{82A2BCAF-A6E3-4343-AA01-0917CFB0D07C}.Debug|x86.Build.0 = Debug|x86
		{82A2BCAF-A6E3-4343-AA01-0917CFB0D07C}.Release 3.5|Any CPU.ActiveCfg = Release|Any CPU
		{82A2BCAF-A6E3-4343-AA01-0917CFB0D07C}.Release 3.5|Any CPU.Build.0 = Release|Any CPU
		{82A2BCAF-A6E3-4343-AA01-0917CFB0D07C}.Release 3.5|Mixed Platforms.ActiveCfg = Release|Any CPU
		{82A2BCAF-A6E3-4343-AA01-0917CFB0D07C}.Release 3.5|Mixed Platforms.Build.0 = Release|Any CPU
		{82A2BCAF-A6E3-4343-AA01-0917CFB0D07C}.Release 3.5|x64.ActiveCfg = Release|Any CPU
		{82A2BCAF-A6E3-4343-AA01-0917CFB0D07C}.Release 3.5|x86.ActiveCfg = Release|Any CPU
		{82A2BCAF-A6E3-4343-AA01-0917CFB0D07C}.Release|Any CPU.ActiveCfg = Release|Any CPU
		{82A2BCAF-A6E3-4343-AA01-0917CFB0D07C}.Release|Any CPU.Build.0 = Release|Any CPU
		{82A2BCAF-A6E3-4343-AA01-0917CFB0D07C}.Release|Mixed Platforms.ActiveCfg = Release|Any CPU
		{82A2BCAF-A6E3-4343-AA01-0917CFB0D07C}.Release|Mixed Platforms.Build.0 = Release|Any CPU
		{82A2BCAF-A6E3-4343-AA01-0917CFB0D07C}.Release|x64.ActiveCfg = Release|Any CPU
		{82A2BCAF-A6E3-4343-AA01-0917CFB0D07C}.Release|x86.ActiveCfg = Release|Any CPU
		{9DE4F372-561C-4E73-9C85-13FCA9411DB1}.Debug|Any CPU.ActiveCfg = Debug|Any CPU
		{9DE4F372-561C-4E73-9C85-13FCA9411DB1}.Debug|Any CPU.Build.0 = Debug|Any CPU
		{9DE4F372-561C-4E73-9C85-13FCA9411DB1}.Debug|Mixed Platforms.ActiveCfg = Debug|x86
		{9DE4F372-561C-4E73-9C85-13FCA9411DB1}.Debug|Mixed Platforms.Build.0 = Debug|x86
		{9DE4F372-561C-4E73-9C85-13FCA9411DB1}.Debug|x64.ActiveCfg = Debug|Any CPU
		{9DE4F372-561C-4E73-9C85-13FCA9411DB1}.Debug|x86.ActiveCfg = Debug|x86
		{9DE4F372-561C-4E73-9C85-13FCA9411DB1}.Debug|x86.Build.0 = Debug|x86
		{9DE4F372-561C-4E73-9C85-13FCA9411DB1}.Release 3.5|Any CPU.ActiveCfg = Release|Any CPU
		{9DE4F372-561C-4E73-9C85-13FCA9411DB1}.Release 3.5|Any CPU.Build.0 = Release|Any CPU
		{9DE4F372-561C-4E73-9C85-13FCA9411DB1}.Release 3.5|Mixed Platforms.ActiveCfg = Release|Any CPU
		{9DE4F372-561C-4E73-9C85-13FCA9411DB1}.Release 3.5|Mixed Platforms.Build.0 = Release|Any CPU
		{9DE4F372-561C-4E73-9C85-13FCA9411DB1}.Release 3.5|x64.ActiveCfg = Release|Any CPU
		{9DE4F372-561C-4E73-9C85-13FCA9411DB1}.Release 3.5|x86.ActiveCfg = Release|Any CPU
		{9DE4F372-561C-4E73-9C85-13FCA9411DB1}.Release|Any CPU.ActiveCfg = Release|Any CPU
		{9DE4F372-561C-4E73-9C85-13FCA9411DB1}.Release|Any CPU.Build.0 = Release|Any CPU
		{9DE4F372-561C-4E73-9C85-13FCA9411DB1}.Release|Mixed Platforms.ActiveCfg = Release|Any CPU
		{9DE4F372-561C-4E73-9C85-13FCA9411DB1}.Release|Mixed Platforms.Build.0 = Release|Any CPU
		{9DE4F372-561C-4E73-9C85-13FCA9411DB1}.Release|x64.ActiveCfg = Release|Any CPU
		{9DE4F372-561C-4E73-9C85-13FCA9411DB1}.Release|x86.ActiveCfg = Release|Any CPU
		{B39B85B9-65F1-4FB7-B8E5-7A8559DFA368}.Debug|Any CPU.ActiveCfg = Debug|Any CPU
		{B39B85B9-65F1-4FB7-B8E5-7A8559DFA368}.Debug|Any CPU.Build.0 = Debug|Any CPU
		{B39B85B9-65F1-4FB7-B8E5-7A8559DFA368}.Debug|Mixed Platforms.ActiveCfg = Debug|x86
		{B39B85B9-65F1-4FB7-B8E5-7A8559DFA368}.Debug|Mixed Platforms.Build.0 = Debug|x86
		{B39B85B9-65F1-4FB7-B8E5-7A8559DFA368}.Debug|x64.ActiveCfg = Debug|Any CPU
		{B39B85B9-65F1-4FB7-B8E5-7A8559DFA368}.Debug|x86.ActiveCfg = Debug|x86
		{B39B85B9-65F1-4FB7-B8E5-7A8559DFA368}.Debug|x86.Build.0 = Debug|x86
		{B39B85B9-65F1-4FB7-B8E5-7A8559DFA368}.Release 3.5|Any CPU.ActiveCfg = Release|Any CPU
		{B39B85B9-65F1-4FB7-B8E5-7A8559DFA368}.Release 3.5|Any CPU.Build.0 = Release|Any CPU
		{B39B85B9-65F1-4FB7-B8E5-7A8559DFA368}.Release 3.5|Mixed Platforms.ActiveCfg = Release|Any CPU
		{B39B85B9-65F1-4FB7-B8E5-7A8559DFA368}.Release 3.5|Mixed Platforms.Build.0 = Release|Any CPU
		{B39B85B9-65F1-4FB7-B8E5-7A8559DFA368}.Release 3.5|x64.ActiveCfg = Release|Any CPU
		{B39B85B9-65F1-4FB7-B8E5-7A8559DFA368}.Release 3.5|x86.ActiveCfg = Release|Any CPU
		{B39B85B9-65F1-4FB7-B8E5-7A8559DFA368}.Release|Any CPU.ActiveCfg = Release|Any CPU
		{B39B85B9-65F1-4FB7-B8E5-7A8559DFA368}.Release|Any CPU.Build.0 = Release|Any CPU
		{B39B85B9-65F1-4FB7-B8E5-7A8559DFA368}.Release|Mixed Platforms.ActiveCfg = Release|Any CPU
		{B39B85B9-65F1-4FB7-B8E5-7A8559DFA368}.Release|Mixed Platforms.Build.0 = Release|Any CPU
		{B39B85B9-65F1-4FB7-B8E5-7A8559DFA368}.Release|x64.ActiveCfg = Release|Any CPU
		{B39B85B9-65F1-4FB7-B8E5-7A8559DFA368}.Release|x86.ActiveCfg = Release|Any CPU
		{6616ECF9-EDD5-4B2F-9D01-F985734835DE}.Debug|Any CPU.ActiveCfg = Debug|Any CPU
		{6616ECF9-EDD5-4B2F-9D01-F985734835DE}.Debug|Any CPU.Build.0 = Debug|Any CPU
		{6616ECF9-EDD5-4B2F-9D01-F985734835DE}.Debug|Mixed Platforms.ActiveCfg = Debug|x86
		{6616ECF9-EDD5-4B2F-9D01-F985734835DE}.Debug|Mixed Platforms.Build.0 = Debug|x86
		{6616ECF9-EDD5-4B2F-9D01-F985734835DE}.Debug|x64.ActiveCfg = Debug|Any CPU
		{6616ECF9-EDD5-4B2F-9D01-F985734835DE}.Debug|x86.ActiveCfg = Debug|x86
		{6616ECF9-EDD5-4B2F-9D01-F985734835DE}.Debug|x86.Build.0 = Debug|x86
		{6616ECF9-EDD5-4B2F-9D01-F985734835DE}.Release 3.5|Any CPU.ActiveCfg = Release|Any CPU
		{6616ECF9-EDD5-4B2F-9D01-F985734835DE}.Release 3.5|Any CPU.Build.0 = Release|Any CPU
		{6616ECF9-EDD5-4B2F-9D01-F985734835DE}.Release 3.5|Mixed Platforms.ActiveCfg = Release|Any CPU
		{6616ECF9-EDD5-4B2F-9D01-F985734835DE}.Release 3.5|Mixed Platforms.Build.0 = Release|Any CPU
		{6616ECF9-EDD5-4B2F-9D01-F985734835DE}.Release 3.5|x64.ActiveCfg = Release|Any CPU
		{6616ECF9-EDD5-4B2F-9D01-F985734835DE}.Release 3.5|x86.ActiveCfg = Release|Any CPU
		{6616ECF9-EDD5-4B2F-9D01-F985734835DE}.Release|Any CPU.ActiveCfg = Release|Any CPU
		{6616ECF9-EDD5-4B2F-9D01-F985734835DE}.Release|Any CPU.Build.0 = Release|Any CPU
		{6616ECF9-EDD5-4B2F-9D01-F985734835DE}.Release|Mixed Platforms.ActiveCfg = Release|Any CPU
		{6616ECF9-EDD5-4B2F-9D01-F985734835DE}.Release|Mixed Platforms.Build.0 = Release|Any CPU
		{6616ECF9-EDD5-4B2F-9D01-F985734835DE}.Release|x64.ActiveCfg = Release|Any CPU
		{6616ECF9-EDD5-4B2F-9D01-F985734835DE}.Release|x86.ActiveCfg = Release|Any CPU
		{41CFDE8E-1D32-40D6-B261-AE0DB3D042EB}.Debug|Any CPU.ActiveCfg = Debug|Any CPU
		{41CFDE8E-1D32-40D6-B261-AE0DB3D042EB}.Debug|Any CPU.Build.0 = Debug|Any CPU
		{41CFDE8E-1D32-40D6-B261-AE0DB3D042EB}.Debug|Mixed Platforms.ActiveCfg = Debug|x86
		{41CFDE8E-1D32-40D6-B261-AE0DB3D042EB}.Debug|Mixed Platforms.Build.0 = Debug|x86
		{41CFDE8E-1D32-40D6-B261-AE0DB3D042EB}.Debug|x64.ActiveCfg = Debug|Any CPU
		{41CFDE8E-1D32-40D6-B261-AE0DB3D042EB}.Debug|x86.ActiveCfg = Debug|x86
		{41CFDE8E-1D32-40D6-B261-AE0DB3D042EB}.Debug|x86.Build.0 = Debug|x86
		{41CFDE8E-1D32-40D6-B261-AE0DB3D042EB}.Release 3.5|Any CPU.ActiveCfg = Release|Any CPU
		{41CFDE8E-1D32-40D6-B261-AE0DB3D042EB}.Release 3.5|Any CPU.Build.0 = Release|Any CPU
		{41CFDE8E-1D32-40D6-B261-AE0DB3D042EB}.Release 3.5|Mixed Platforms.ActiveCfg = Release|Any CPU
		{41CFDE8E-1D32-40D6-B261-AE0DB3D042EB}.Release 3.5|Mixed Platforms.Build.0 = Release|Any CPU
		{41CFDE8E-1D32-40D6-B261-AE0DB3D042EB}.Release 3.5|x64.ActiveCfg = Release|Any CPU
		{41CFDE8E-1D32-40D6-B261-AE0DB3D042EB}.Release 3.5|x86.ActiveCfg = Release|Any CPU
		{41CFDE8E-1D32-40D6-B261-AE0DB3D042EB}.Release|Any CPU.ActiveCfg = Release|Any CPU
		{41CFDE8E-1D32-40D6-B261-AE0DB3D042EB}.Release|Any CPU.Build.0 = Release|Any CPU
		{41CFDE8E-1D32-40D6-B261-AE0DB3D042EB}.Release|Mixed Platforms.ActiveCfg = Release|Any CPU
		{41CFDE8E-1D32-40D6-B261-AE0DB3D042EB}.Release|Mixed Platforms.Build.0 = Release|Any CPU
		{41CFDE8E-1D32-40D6-B261-AE0DB3D042EB}.Release|x64.ActiveCfg = Release|Any CPU
		{41CFDE8E-1D32-40D6-B261-AE0DB3D042EB}.Release|x86.ActiveCfg = Release|Any CPU
		{D60DD02B-B93B-495D-B199-6BD7361C5B0F}.Debug|Any CPU.ActiveCfg = Debug|Any CPU
		{D60DD02B-B93B-495D-B199-6BD7361C5B0F}.Debug|Any CPU.Build.0 = Debug|Any CPU
		{D60DD02B-B93B-495D-B199-6BD7361C5B0F}.Debug|Mixed Platforms.ActiveCfg = Debug|x86
		{D60DD02B-B93B-495D-B199-6BD7361C5B0F}.Debug|Mixed Platforms.Build.0 = Debug|x86
		{D60DD02B-B93B-495D-B199-6BD7361C5B0F}.Debug|x64.ActiveCfg = Debug|Any CPU
		{D60DD02B-B93B-495D-B199-6BD7361C5B0F}.Debug|x86.ActiveCfg = Debug|x86
		{D60DD02B-B93B-495D-B199-6BD7361C5B0F}.Debug|x86.Build.0 = Debug|x86
		{D60DD02B-B93B-495D-B199-6BD7361C5B0F}.Release 3.5|Any CPU.ActiveCfg = Release|Any CPU
		{D60DD02B-B93B-495D-B199-6BD7361C5B0F}.Release 3.5|Any CPU.Build.0 = Release|Any CPU
		{D60DD02B-B93B-495D-B199-6BD7361C5B0F}.Release 3.5|Mixed Platforms.ActiveCfg = Release|Any CPU
		{D60DD02B-B93B-495D-B199-6BD7361C5B0F}.Release 3.5|Mixed Platforms.Build.0 = Release|Any CPU
		{D60DD02B-B93B-495D-B199-6BD7361C5B0F}.Release 3.5|x64.ActiveCfg = Release|Any CPU
		{D60DD02B-B93B-495D-B199-6BD7361C5B0F}.Release 3.5|x86.ActiveCfg = Release|Any CPU
		{D60DD02B-B93B-495D-B199-6BD7361C5B0F}.Release|Any CPU.ActiveCfg = Release|Any CPU
		{D60DD02B-B93B-495D-B199-6BD7361C5B0F}.Release|Any CPU.Build.0 = Release|Any CPU
		{D60DD02B-B93B-495D-B199-6BD7361C5B0F}.Release|Mixed Platforms.ActiveCfg = Release|Any CPU
		{D60DD02B-B93B-495D-B199-6BD7361C5B0F}.Release|Mixed Platforms.Build.0 = Release|Any CPU
		{D60DD02B-B93B-495D-B199-6BD7361C5B0F}.Release|x64.ActiveCfg = Release|Any CPU
		{D60DD02B-B93B-495D-B199-6BD7361C5B0F}.Release|x86.ActiveCfg = Release|Any CPU
		{1D202081-BFE6-4B08-845C-EBD3F43E35CF}.Debug|Any CPU.ActiveCfg = Debug|Any CPU
		{1D202081-BFE6-4B08-845C-EBD3F43E35CF}.Debug|Any CPU.Build.0 = Debug|Any CPU
		{1D202081-BFE6-4B08-845C-EBD3F43E35CF}.Debug|Mixed Platforms.ActiveCfg = Debug|x86
		{1D202081-BFE6-4B08-845C-EBD3F43E35CF}.Debug|Mixed Platforms.Build.0 = Debug|x86
		{1D202081-BFE6-4B08-845C-EBD3F43E35CF}.Debug|x64.ActiveCfg = Debug|Any CPU
		{1D202081-BFE6-4B08-845C-EBD3F43E35CF}.Debug|x86.ActiveCfg = Debug|x86
		{1D202081-BFE6-4B08-845C-EBD3F43E35CF}.Debug|x86.Build.0 = Debug|x86
		{1D202081-BFE6-4B08-845C-EBD3F43E35CF}.Release 3.5|Any CPU.ActiveCfg = Release|Any CPU
		{1D202081-BFE6-4B08-845C-EBD3F43E35CF}.Release 3.5|Any CPU.Build.0 = Release|Any CPU
		{1D202081-BFE6-4B08-845C-EBD3F43E35CF}.Release 3.5|Mixed Platforms.ActiveCfg = Release|Any CPU
		{1D202081-BFE6-4B08-845C-EBD3F43E35CF}.Release 3.5|Mixed Platforms.Build.0 = Release|Any CPU
		{1D202081-BFE6-4B08-845C-EBD3F43E35CF}.Release 3.5|x64.ActiveCfg = Release|Any CPU
		{1D202081-BFE6-4B08-845C-EBD3F43E35CF}.Release 3.5|x86.ActiveCfg = Release|Any CPU
		{1D202081-BFE6-4B08-845C-EBD3F43E35CF}.Release|Any CPU.ActiveCfg = Release|Any CPU
		{1D202081-BFE6-4B08-845C-EBD3F43E35CF}.Release|Any CPU.Build.0 = Release|Any CPU
		{1D202081-BFE6-4B08-845C-EBD3F43E35CF}.Release|Mixed Platforms.ActiveCfg = Release|Any CPU
		{1D202081-BFE6-4B08-845C-EBD3F43E35CF}.Release|Mixed Platforms.Build.0 = Release|Any CPU
		{1D202081-BFE6-4B08-845C-EBD3F43E35CF}.Release|x64.ActiveCfg = Release|Any CPU
		{1D202081-BFE6-4B08-845C-EBD3F43E35CF}.Release|x86.ActiveCfg = Release|Any CPU
		{8260E0B1-0DBD-486D-BA84-470BD0B776F9}.Debug|Any CPU.ActiveCfg = Debug|Any CPU
		{8260E0B1-0DBD-486D-BA84-470BD0B776F9}.Debug|Any CPU.Build.0 = Debug|Any CPU
		{8260E0B1-0DBD-486D-BA84-470BD0B776F9}.Debug|Mixed Platforms.ActiveCfg = Debug|x86
		{8260E0B1-0DBD-486D-BA84-470BD0B776F9}.Debug|Mixed Platforms.Build.0 = Debug|x86
		{8260E0B1-0DBD-486D-BA84-470BD0B776F9}.Debug|x64.ActiveCfg = Debug|Any CPU
		{8260E0B1-0DBD-486D-BA84-470BD0B776F9}.Debug|x86.ActiveCfg = Debug|x86
		{8260E0B1-0DBD-486D-BA84-470BD0B776F9}.Debug|x86.Build.0 = Debug|x86
		{8260E0B1-0DBD-486D-BA84-470BD0B776F9}.Release 3.5|Any CPU.ActiveCfg = Release|Any CPU
		{8260E0B1-0DBD-486D-BA84-470BD0B776F9}.Release 3.5|Any CPU.Build.0 = Release|Any CPU
		{8260E0B1-0DBD-486D-BA84-470BD0B776F9}.Release 3.5|Mixed Platforms.ActiveCfg = Release|Any CPU
		{8260E0B1-0DBD-486D-BA84-470BD0B776F9}.Release 3.5|Mixed Platforms.Build.0 = Release|Any CPU
		{8260E0B1-0DBD-486D-BA84-470BD0B776F9}.Release 3.5|x64.ActiveCfg = Release|Any CPU
		{8260E0B1-0DBD-486D-BA84-470BD0B776F9}.Release 3.5|x86.ActiveCfg = Release|Any CPU
		{8260E0B1-0DBD-486D-BA84-470BD0B776F9}.Release|Any CPU.ActiveCfg = Release|Any CPU
		{8260E0B1-0DBD-486D-BA84-470BD0B776F9}.Release|Any CPU.Build.0 = Release|Any CPU
		{8260E0B1-0DBD-486D-BA84-470BD0B776F9}.Release|Mixed Platforms.ActiveCfg = Release|Any CPU
		{8260E0B1-0DBD-486D-BA84-470BD0B776F9}.Release|Mixed Platforms.Build.0 = Release|Any CPU
		{8260E0B1-0DBD-486D-BA84-470BD0B776F9}.Release|x64.ActiveCfg = Release|Any CPU
		{8260E0B1-0DBD-486D-BA84-470BD0B776F9}.Release|x86.ActiveCfg = Release|Any CPU
		{EF603D01-5D84-4EBA-900D-E55836979E5A}.Debug|Any CPU.ActiveCfg = Debug|Any CPU
		{EF603D01-5D84-4EBA-900D-E55836979E5A}.Debug|Any CPU.Build.0 = Debug|Any CPU
		{EF603D01-5D84-4EBA-900D-E55836979E5A}.Debug|Mixed Platforms.ActiveCfg = Debug|x86
		{EF603D01-5D84-4EBA-900D-E55836979E5A}.Debug|Mixed Platforms.Build.0 = Debug|x86
		{EF603D01-5D84-4EBA-900D-E55836979E5A}.Debug|x64.ActiveCfg = Debug|Any CPU
		{EF603D01-5D84-4EBA-900D-E55836979E5A}.Debug|x86.ActiveCfg = Debug|x86
		{EF603D01-5D84-4EBA-900D-E55836979E5A}.Debug|x86.Build.0 = Debug|x86
		{EF603D01-5D84-4EBA-900D-E55836979E5A}.Release 3.5|Any CPU.ActiveCfg = Release|Any CPU
		{EF603D01-5D84-4EBA-900D-E55836979E5A}.Release 3.5|Any CPU.Build.0 = Release|Any CPU
		{EF603D01-5D84-4EBA-900D-E55836979E5A}.Release 3.5|Mixed Platforms.ActiveCfg = Release|Any CPU
		{EF603D01-5D84-4EBA-900D-E55836979E5A}.Release 3.5|Mixed Platforms.Build.0 = Release|Any CPU
		{EF603D01-5D84-4EBA-900D-E55836979E5A}.Release 3.5|x64.ActiveCfg = Release|Any CPU
		{EF603D01-5D84-4EBA-900D-E55836979E5A}.Release 3.5|x86.ActiveCfg = Release|Any CPU
		{EF603D01-5D84-4EBA-900D-E55836979E5A}.Release|Any CPU.ActiveCfg = Release|Any CPU
		{EF603D01-5D84-4EBA-900D-E55836979E5A}.Release|Any CPU.Build.0 = Release|Any CPU
		{EF603D01-5D84-4EBA-900D-E55836979E5A}.Release|Mixed Platforms.ActiveCfg = Release|Any CPU
		{EF603D01-5D84-4EBA-900D-E55836979E5A}.Release|Mixed Platforms.Build.0 = Release|Any CPU
		{EF603D01-5D84-4EBA-900D-E55836979E5A}.Release|x64.ActiveCfg = Release|Any CPU
		{EF603D01-5D84-4EBA-900D-E55836979E5A}.Release|x86.ActiveCfg = Release|Any CPU
		{44229A5C-EAEC-4482-AADF-F0DC92B6979C}.Debug|Any CPU.ActiveCfg = Debug|Any CPU
		{44229A5C-EAEC-4482-AADF-F0DC92B6979C}.Debug|Any CPU.Build.0 = Debug|Any CPU
		{44229A5C-EAEC-4482-AADF-F0DC92B6979C}.Debug|Mixed Platforms.ActiveCfg = Debug|x86
		{44229A5C-EAEC-4482-AADF-F0DC92B6979C}.Debug|Mixed Platforms.Build.0 = Debug|x86
		{44229A5C-EAEC-4482-AADF-F0DC92B6979C}.Debug|x64.ActiveCfg = Debug|Any CPU
		{44229A5C-EAEC-4482-AADF-F0DC92B6979C}.Debug|x86.ActiveCfg = Debug|x86
		{44229A5C-EAEC-4482-AADF-F0DC92B6979C}.Debug|x86.Build.0 = Debug|x86
		{44229A5C-EAEC-4482-AADF-F0DC92B6979C}.Release 3.5|Any CPU.ActiveCfg = Release|Any CPU
		{44229A5C-EAEC-4482-AADF-F0DC92B6979C}.Release 3.5|Any CPU.Build.0 = Release|Any CPU
		{44229A5C-EAEC-4482-AADF-F0DC92B6979C}.Release 3.5|Mixed Platforms.ActiveCfg = Release|Any CPU
		{44229A5C-EAEC-4482-AADF-F0DC92B6979C}.Release 3.5|Mixed Platforms.Build.0 = Release|Any CPU
		{44229A5C-EAEC-4482-AADF-F0DC92B6979C}.Release 3.5|x64.ActiveCfg = Release|Any CPU
		{44229A5C-EAEC-4482-AADF-F0DC92B6979C}.Release 3.5|x86.ActiveCfg = Release|Any CPU
		{44229A5C-EAEC-4482-AADF-F0DC92B6979C}.Release|Any CPU.ActiveCfg = Release|Any CPU
		{44229A5C-EAEC-4482-AADF-F0DC92B6979C}.Release|Any CPU.Build.0 = Release|Any CPU
		{44229A5C-EAEC-4482-AADF-F0DC92B6979C}.Release|Mixed Platforms.ActiveCfg = Release|Any CPU
		{44229A5C-EAEC-4482-AADF-F0DC92B6979C}.Release|Mixed Platforms.Build.0 = Release|Any CPU
		{44229A5C-EAEC-4482-AADF-F0DC92B6979C}.Release|x64.ActiveCfg = Release|Any CPU
		{44229A5C-EAEC-4482-AADF-F0DC92B6979C}.Release|x86.ActiveCfg = Release|Any CPU
		{38CB16CA-7BE2-4B8D-AEF2-05EFAC8B4D62}.Debug|Any CPU.ActiveCfg = Debug|Any CPU
		{38CB16CA-7BE2-4B8D-AEF2-05EFAC8B4D62}.Debug|Any CPU.Build.0 = Debug|Any CPU
		{38CB16CA-7BE2-4B8D-AEF2-05EFAC8B4D62}.Debug|Mixed Platforms.ActiveCfg = Debug|x86
		{38CB16CA-7BE2-4B8D-AEF2-05EFAC8B4D62}.Debug|Mixed Platforms.Build.0 = Debug|x86
		{38CB16CA-7BE2-4B8D-AEF2-05EFAC8B4D62}.Debug|x64.ActiveCfg = Debug|Any CPU
		{38CB16CA-7BE2-4B8D-AEF2-05EFAC8B4D62}.Debug|x86.ActiveCfg = Debug|x86
		{38CB16CA-7BE2-4B8D-AEF2-05EFAC8B4D62}.Debug|x86.Build.0 = Debug|x86
		{38CB16CA-7BE2-4B8D-AEF2-05EFAC8B4D62}.Release 3.5|Any CPU.ActiveCfg = Release|Any CPU
		{38CB16CA-7BE2-4B8D-AEF2-05EFAC8B4D62}.Release 3.5|Any CPU.Build.0 = Release|Any CPU
		{38CB16CA-7BE2-4B8D-AEF2-05EFAC8B4D62}.Release 3.5|Mixed Platforms.ActiveCfg = Release|Any CPU
		{38CB16CA-7BE2-4B8D-AEF2-05EFAC8B4D62}.Release 3.5|Mixed Platforms.Build.0 = Release|Any CPU
		{38CB16CA-7BE2-4B8D-AEF2-05EFAC8B4D62}.Release 3.5|x64.ActiveCfg = Release|Any CPU
		{38CB16CA-7BE2-4B8D-AEF2-05EFAC8B4D62}.Release 3.5|x86.ActiveCfg = Release|Any CPU
		{38CB16CA-7BE2-4B8D-AEF2-05EFAC8B4D62}.Release|Any CPU.ActiveCfg = Release|Any CPU
		{38CB16CA-7BE2-4B8D-AEF2-05EFAC8B4D62}.Release|Any CPU.Build.0 = Release|Any CPU
		{38CB16CA-7BE2-4B8D-AEF2-05EFAC8B4D62}.Release|Mixed Platforms.ActiveCfg = Release|Any CPU
		{38CB16CA-7BE2-4B8D-AEF2-05EFAC8B4D62}.Release|Mixed Platforms.Build.0 = Release|Any CPU
		{38CB16CA-7BE2-4B8D-AEF2-05EFAC8B4D62}.Release|x64.ActiveCfg = Release|Any CPU
		{38CB16CA-7BE2-4B8D-AEF2-05EFAC8B4D62}.Release|x86.ActiveCfg = Release|Any CPU
		{895EF432-CB6F-44D9-8F01-9B35A8ACA9F8}.Debug|Any CPU.ActiveCfg = Debug|Any CPU
		{895EF432-CB6F-44D9-8F01-9B35A8ACA9F8}.Debug|Any CPU.Build.0 = Debug|Any CPU
		{895EF432-CB6F-44D9-8F01-9B35A8ACA9F8}.Debug|Mixed Platforms.ActiveCfg = Debug|x86
		{895EF432-CB6F-44D9-8F01-9B35A8ACA9F8}.Debug|Mixed Platforms.Build.0 = Debug|x86
		{895EF432-CB6F-44D9-8F01-9B35A8ACA9F8}.Debug|x64.ActiveCfg = Debug|Any CPU
		{895EF432-CB6F-44D9-8F01-9B35A8ACA9F8}.Debug|x86.ActiveCfg = Debug|x86
		{895EF432-CB6F-44D9-8F01-9B35A8ACA9F8}.Debug|x86.Build.0 = Debug|x86
		{895EF432-CB6F-44D9-8F01-9B35A8ACA9F8}.Release 3.5|Any CPU.ActiveCfg = Release|Any CPU
		{895EF432-CB6F-44D9-8F01-9B35A8ACA9F8}.Release 3.5|Any CPU.Build.0 = Release|Any CPU
		{895EF432-CB6F-44D9-8F01-9B35A8ACA9F8}.Release 3.5|Mixed Platforms.ActiveCfg = Release|Any CPU
		{895EF432-CB6F-44D9-8F01-9B35A8ACA9F8}.Release 3.5|Mixed Platforms.Build.0 = Release|Any CPU
		{895EF432-CB6F-44D9-8F01-9B35A8ACA9F8}.Release 3.5|x64.ActiveCfg = Release|Any CPU
		{895EF432-CB6F-44D9-8F01-9B35A8ACA9F8}.Release 3.5|x86.ActiveCfg = Release|Any CPU
		{895EF432-CB6F-44D9-8F01-9B35A8ACA9F8}.Release|Any CPU.ActiveCfg = Release|Any CPU
		{895EF432-CB6F-44D9-8F01-9B35A8ACA9F8}.Release|Any CPU.Build.0 = Release|Any CPU
		{895EF432-CB6F-44D9-8F01-9B35A8ACA9F8}.Release|Mixed Platforms.ActiveCfg = Release|Any CPU
		{895EF432-CB6F-44D9-8F01-9B35A8ACA9F8}.Release|Mixed Platforms.Build.0 = Release|Any CPU
		{895EF432-CB6F-44D9-8F01-9B35A8ACA9F8}.Release|x64.ActiveCfg = Release|Any CPU
		{895EF432-CB6F-44D9-8F01-9B35A8ACA9F8}.Release|x86.ActiveCfg = Release|Any CPU
		{BA5E85F2-4A7A-4B1A-B3DA-2D4DFC705514}.Debug|Any CPU.ActiveCfg = Debug|Any CPU
		{BA5E85F2-4A7A-4B1A-B3DA-2D4DFC705514}.Debug|Any CPU.Build.0 = Debug|Any CPU
		{BA5E85F2-4A7A-4B1A-B3DA-2D4DFC705514}.Debug|Mixed Platforms.ActiveCfg = Debug|x86
		{BA5E85F2-4A7A-4B1A-B3DA-2D4DFC705514}.Debug|Mixed Platforms.Build.0 = Debug|x86
		{BA5E85F2-4A7A-4B1A-B3DA-2D4DFC705514}.Debug|x64.ActiveCfg = Debug|Any CPU
		{BA5E85F2-4A7A-4B1A-B3DA-2D4DFC705514}.Debug|x86.ActiveCfg = Debug|x86
		{BA5E85F2-4A7A-4B1A-B3DA-2D4DFC705514}.Debug|x86.Build.0 = Debug|x86
		{BA5E85F2-4A7A-4B1A-B3DA-2D4DFC705514}.Release 3.5|Any CPU.ActiveCfg = Release|Any CPU
		{BA5E85F2-4A7A-4B1A-B3DA-2D4DFC705514}.Release 3.5|Any CPU.Build.0 = Release|Any CPU
		{BA5E85F2-4A7A-4B1A-B3DA-2D4DFC705514}.Release 3.5|Mixed Platforms.ActiveCfg = Release|Any CPU
		{BA5E85F2-4A7A-4B1A-B3DA-2D4DFC705514}.Release 3.5|Mixed Platforms.Build.0 = Release|Any CPU
		{BA5E85F2-4A7A-4B1A-B3DA-2D4DFC705514}.Release 3.5|x64.ActiveCfg = Release|Any CPU
		{BA5E85F2-4A7A-4B1A-B3DA-2D4DFC705514}.Release 3.5|x86.ActiveCfg = Release|Any CPU
		{BA5E85F2-4A7A-4B1A-B3DA-2D4DFC705514}.Release|Any CPU.ActiveCfg = Release|Any CPU
		{BA5E85F2-4A7A-4B1A-B3DA-2D4DFC705514}.Release|Any CPU.Build.0 = Release|Any CPU
		{BA5E85F2-4A7A-4B1A-B3DA-2D4DFC705514}.Release|Mixed Platforms.ActiveCfg = Release|Any CPU
		{BA5E85F2-4A7A-4B1A-B3DA-2D4DFC705514}.Release|Mixed Platforms.Build.0 = Release|Any CPU
		{BA5E85F2-4A7A-4B1A-B3DA-2D4DFC705514}.Release|x64.ActiveCfg = Release|Any CPU
		{BA5E85F2-4A7A-4B1A-B3DA-2D4DFC705514}.Release|x86.ActiveCfg = Release|Any CPU
		{A9EDC398-88B6-432D-A733-E924F7A01F00}.Debug|Any CPU.ActiveCfg = Debug|Any CPU
		{A9EDC398-88B6-432D-A733-E924F7A01F00}.Debug|Any CPU.Build.0 = Debug|Any CPU
		{A9EDC398-88B6-432D-A733-E924F7A01F00}.Debug|Mixed Platforms.ActiveCfg = Debug|x86
		{A9EDC398-88B6-432D-A733-E924F7A01F00}.Debug|Mixed Platforms.Build.0 = Debug|x86
		{A9EDC398-88B6-432D-A733-E924F7A01F00}.Debug|x64.ActiveCfg = Debug|Any CPU
		{A9EDC398-88B6-432D-A733-E924F7A01F00}.Debug|x86.ActiveCfg = Debug|x86
		{A9EDC398-88B6-432D-A733-E924F7A01F00}.Debug|x86.Build.0 = Debug|x86
		{A9EDC398-88B6-432D-A733-E924F7A01F00}.Release 3.5|Any CPU.ActiveCfg = Release|Any CPU
		{A9EDC398-88B6-432D-A733-E924F7A01F00}.Release 3.5|Any CPU.Build.0 = Release|Any CPU
		{A9EDC398-88B6-432D-A733-E924F7A01F00}.Release 3.5|Mixed Platforms.ActiveCfg = Release|Any CPU
		{A9EDC398-88B6-432D-A733-E924F7A01F00}.Release 3.5|Mixed Platforms.Build.0 = Release|Any CPU
		{A9EDC398-88B6-432D-A733-E924F7A01F00}.Release 3.5|x64.ActiveCfg = Release|Any CPU
		{A9EDC398-88B6-432D-A733-E924F7A01F00}.Release 3.5|x86.ActiveCfg = Release|Any CPU
		{A9EDC398-88B6-432D-A733-E924F7A01F00}.Release|Any CPU.ActiveCfg = Release|Any CPU
		{A9EDC398-88B6-432D-A733-E924F7A01F00}.Release|Any CPU.Build.0 = Release|Any CPU
		{A9EDC398-88B6-432D-A733-E924F7A01F00}.Release|Mixed Platforms.ActiveCfg = Release|Any CPU
		{A9EDC398-88B6-432D-A733-E924F7A01F00}.Release|Mixed Platforms.Build.0 = Release|Any CPU
		{A9EDC398-88B6-432D-A733-E924F7A01F00}.Release|x64.ActiveCfg = Release|Any CPU
		{A9EDC398-88B6-432D-A733-E924F7A01F00}.Release|x86.ActiveCfg = Release|Any CPU
		{1A8BFF0E-75FC-4DD8-AFFA-61D94BA0F369}.Debug|Any CPU.ActiveCfg = Debug|Any CPU
		{1A8BFF0E-75FC-4DD8-AFFA-61D94BA0F369}.Debug|Any CPU.Build.0 = Debug|Any CPU
		{1A8BFF0E-75FC-4DD8-AFFA-61D94BA0F369}.Debug|Mixed Platforms.ActiveCfg = Debug|Any CPU
		{1A8BFF0E-75FC-4DD8-AFFA-61D94BA0F369}.Debug|Mixed Platforms.Build.0 = Debug|Any CPU
		{1A8BFF0E-75FC-4DD8-AFFA-61D94BA0F369}.Debug|x64.ActiveCfg = Debug|Any CPU
		{1A8BFF0E-75FC-4DD8-AFFA-61D94BA0F369}.Debug|x86.ActiveCfg = Debug|Any CPU
		{1A8BFF0E-75FC-4DD8-AFFA-61D94BA0F369}.Release 3.5|Any CPU.ActiveCfg = Release|Any CPU
		{1A8BFF0E-75FC-4DD8-AFFA-61D94BA0F369}.Release 3.5|Any CPU.Build.0 = Release|Any CPU
		{1A8BFF0E-75FC-4DD8-AFFA-61D94BA0F369}.Release 3.5|Mixed Platforms.ActiveCfg = Release|Any CPU
		{1A8BFF0E-75FC-4DD8-AFFA-61D94BA0F369}.Release 3.5|Mixed Platforms.Build.0 = Release|Any CPU
		{1A8BFF0E-75FC-4DD8-AFFA-61D94BA0F369}.Release 3.5|x64.ActiveCfg = Release|Any CPU
		{1A8BFF0E-75FC-4DD8-AFFA-61D94BA0F369}.Release 3.5|x86.ActiveCfg = Release|Any CPU
		{1A8BFF0E-75FC-4DD8-AFFA-61D94BA0F369}.Release|Any CPU.ActiveCfg = Release|Any CPU
		{1A8BFF0E-75FC-4DD8-AFFA-61D94BA0F369}.Release|Any CPU.Build.0 = Release|Any CPU
		{1A8BFF0E-75FC-4DD8-AFFA-61D94BA0F369}.Release|Mixed Platforms.ActiveCfg = Release|Any CPU
		{1A8BFF0E-75FC-4DD8-AFFA-61D94BA0F369}.Release|Mixed Platforms.Build.0 = Release|Any CPU
		{1A8BFF0E-75FC-4DD8-AFFA-61D94BA0F369}.Release|x64.ActiveCfg = Release|Any CPU
		{1A8BFF0E-75FC-4DD8-AFFA-61D94BA0F369}.Release|x86.ActiveCfg = Release|Any CPU
		{C700F122-D6C7-47D5-89B9-FD432A1601F4}.Debug|Any CPU.ActiveCfg = Debug|x86
		{C700F122-D6C7-47D5-89B9-FD432A1601F4}.Debug|Mixed Platforms.ActiveCfg = Debug|x86
		{C700F122-D6C7-47D5-89B9-FD432A1601F4}.Debug|Mixed Platforms.Build.0 = Debug|x86
		{C700F122-D6C7-47D5-89B9-FD432A1601F4}.Debug|x64.ActiveCfg = Debug|x86
		{C700F122-D6C7-47D5-89B9-FD432A1601F4}.Debug|x86.ActiveCfg = Debug|x86
		{C700F122-D6C7-47D5-89B9-FD432A1601F4}.Debug|x86.Build.0 = Debug|x86
		{C700F122-D6C7-47D5-89B9-FD432A1601F4}.Release 3.5|Any CPU.ActiveCfg = Release|x86
		{C700F122-D6C7-47D5-89B9-FD432A1601F4}.Release 3.5|Mixed Platforms.ActiveCfg = Release|x86
		{C700F122-D6C7-47D5-89B9-FD432A1601F4}.Release 3.5|Mixed Platforms.Build.0 = Release|x86
		{C700F122-D6C7-47D5-89B9-FD432A1601F4}.Release 3.5|x64.ActiveCfg = Release|x86
		{C700F122-D6C7-47D5-89B9-FD432A1601F4}.Release 3.5|x86.ActiveCfg = Release|x86
		{C700F122-D6C7-47D5-89B9-FD432A1601F4}.Release 3.5|x86.Build.0 = Release|x86
		{C700F122-D6C7-47D5-89B9-FD432A1601F4}.Release|Any CPU.ActiveCfg = Release|x86
		{C700F122-D6C7-47D5-89B9-FD432A1601F4}.Release|Mixed Platforms.ActiveCfg = Release|x86
		{C700F122-D6C7-47D5-89B9-FD432A1601F4}.Release|Mixed Platforms.Build.0 = Release|x86
		{C700F122-D6C7-47D5-89B9-FD432A1601F4}.Release|x64.ActiveCfg = Release|x86
		{C700F122-D6C7-47D5-89B9-FD432A1601F4}.Release|x86.ActiveCfg = Release|x86
		{C700F122-D6C7-47D5-89B9-FD432A1601F4}.Release|x86.Build.0 = Release|x86
		{E7D133B8-1F64-4717-BFF2-8B31F6B5ECD8}.Debug|Any CPU.ActiveCfg = Debug|Any CPU
		{E7D133B8-1F64-4717-BFF2-8B31F6B5ECD8}.Debug|Any CPU.Build.0 = Debug|Any CPU
		{E7D133B8-1F64-4717-BFF2-8B31F6B5ECD8}.Debug|Mixed Platforms.ActiveCfg = Debug|x86
		{E7D133B8-1F64-4717-BFF2-8B31F6B5ECD8}.Debug|Mixed Platforms.Build.0 = Debug|x86
		{E7D133B8-1F64-4717-BFF2-8B31F6B5ECD8}.Debug|x64.ActiveCfg = Debug|Any CPU
		{E7D133B8-1F64-4717-BFF2-8B31F6B5ECD8}.Debug|x86.ActiveCfg = Debug|Any CPU
		{E7D133B8-1F64-4717-BFF2-8B31F6B5ECD8}.Release 3.5|Any CPU.ActiveCfg = Release|Any CPU
		{E7D133B8-1F64-4717-BFF2-8B31F6B5ECD8}.Release 3.5|Any CPU.Build.0 = Release|Any CPU
		{E7D133B8-1F64-4717-BFF2-8B31F6B5ECD8}.Release 3.5|Mixed Platforms.ActiveCfg = Release|Any CPU
		{E7D133B8-1F64-4717-BFF2-8B31F6B5ECD8}.Release 3.5|Mixed Platforms.Build.0 = Release|Any CPU
		{E7D133B8-1F64-4717-BFF2-8B31F6B5ECD8}.Release 3.5|x64.ActiveCfg = Release|Any CPU
		{E7D133B8-1F64-4717-BFF2-8B31F6B5ECD8}.Release 3.5|x86.ActiveCfg = Release|Any CPU
		{E7D133B8-1F64-4717-BFF2-8B31F6B5ECD8}.Release|Any CPU.ActiveCfg = Release|Any CPU
		{E7D133B8-1F64-4717-BFF2-8B31F6B5ECD8}.Release|Any CPU.Build.0 = Release|Any CPU
		{E7D133B8-1F64-4717-BFF2-8B31F6B5ECD8}.Release|Mixed Platforms.ActiveCfg = Release|Any CPU
		{E7D133B8-1F64-4717-BFF2-8B31F6B5ECD8}.Release|Mixed Platforms.Build.0 = Release|Any CPU
		{E7D133B8-1F64-4717-BFF2-8B31F6B5ECD8}.Release|x64.ActiveCfg = Release|Any CPU
		{E7D133B8-1F64-4717-BFF2-8B31F6B5ECD8}.Release|x86.ActiveCfg = Release|Any CPU
		{9C5FF5FB-1682-48B1-89E9-0B74BFFCC6BC}.Debug|Any CPU.ActiveCfg = Debug|Any CPU
		{9C5FF5FB-1682-48B1-89E9-0B74BFFCC6BC}.Debug|Any CPU.Build.0 = Debug|Any CPU
		{9C5FF5FB-1682-48B1-89E9-0B74BFFCC6BC}.Debug|Mixed Platforms.ActiveCfg = Debug|x86
		{9C5FF5FB-1682-48B1-89E9-0B74BFFCC6BC}.Debug|Mixed Platforms.Build.0 = Debug|x86
		{9C5FF5FB-1682-48B1-89E9-0B74BFFCC6BC}.Debug|x64.ActiveCfg = Debug|Any CPU
		{9C5FF5FB-1682-48B1-89E9-0B74BFFCC6BC}.Debug|x86.ActiveCfg = Debug|Any CPU
		{9C5FF5FB-1682-48B1-89E9-0B74BFFCC6BC}.Release 3.5|Any CPU.ActiveCfg = Release|Any CPU
		{9C5FF5FB-1682-48B1-89E9-0B74BFFCC6BC}.Release 3.5|Any CPU.Build.0 = Release|Any CPU
		{9C5FF5FB-1682-48B1-89E9-0B74BFFCC6BC}.Release 3.5|Mixed Platforms.ActiveCfg = Release|Any CPU
		{9C5FF5FB-1682-48B1-89E9-0B74BFFCC6BC}.Release 3.5|Mixed Platforms.Build.0 = Release|Any CPU
		{9C5FF5FB-1682-48B1-89E9-0B74BFFCC6BC}.Release 3.5|x64.ActiveCfg = Release|Any CPU
		{9C5FF5FB-1682-48B1-89E9-0B74BFFCC6BC}.Release 3.5|x86.ActiveCfg = Release|Any CPU
		{9C5FF5FB-1682-48B1-89E9-0B74BFFCC6BC}.Release|Any CPU.ActiveCfg = Release|Any CPU
		{9C5FF5FB-1682-48B1-89E9-0B74BFFCC6BC}.Release|Any CPU.Build.0 = Release|Any CPU
		{9C5FF5FB-1682-48B1-89E9-0B74BFFCC6BC}.Release|Mixed Platforms.ActiveCfg = Release|Any CPU
		{9C5FF5FB-1682-48B1-89E9-0B74BFFCC6BC}.Release|Mixed Platforms.Build.0 = Release|Any CPU
		{9C5FF5FB-1682-48B1-89E9-0B74BFFCC6BC}.Release|x64.ActiveCfg = Release|Any CPU
		{9C5FF5FB-1682-48B1-89E9-0B74BFFCC6BC}.Release|x86.ActiveCfg = Release|Any CPU
		{6B7283C6-6DDE-41E9-BA00-F3EDD604B38B}.Debug|Any CPU.ActiveCfg = Debug|Any CPU
		{6B7283C6-6DDE-41E9-BA00-F3EDD604B38B}.Debug|Any CPU.Build.0 = Debug|Any CPU
		{6B7283C6-6DDE-41E9-BA00-F3EDD604B38B}.Debug|Mixed Platforms.ActiveCfg = Debug|x86
		{6B7283C6-6DDE-41E9-BA00-F3EDD604B38B}.Debug|Mixed Platforms.Build.0 = Debug|x86
		{6B7283C6-6DDE-41E9-BA00-F3EDD604B38B}.Debug|x64.ActiveCfg = Debug|x64
		{6B7283C6-6DDE-41E9-BA00-F3EDD604B38B}.Debug|x64.Build.0 = Debug|x64
		{6B7283C6-6DDE-41E9-BA00-F3EDD604B38B}.Debug|x86.ActiveCfg = Debug|x86
		{6B7283C6-6DDE-41E9-BA00-F3EDD604B38B}.Debug|x86.Build.0 = Debug|x86
		{6B7283C6-6DDE-41E9-BA00-F3EDD604B38B}.Release 3.5|Any CPU.ActiveCfg = Release|x86
		{6B7283C6-6DDE-41E9-BA00-F3EDD604B38B}.Release 3.5|Mixed Platforms.ActiveCfg = Release|x86
		{6B7283C6-6DDE-41E9-BA00-F3EDD604B38B}.Release 3.5|Mixed Platforms.Build.0 = Release|x86
		{6B7283C6-6DDE-41E9-BA00-F3EDD604B38B}.Release 3.5|x64.ActiveCfg = Release|x86
		{6B7283C6-6DDE-41E9-BA00-F3EDD604B38B}.Release 3.5|x86.ActiveCfg = Release|x86
		{6B7283C6-6DDE-41E9-BA00-F3EDD604B38B}.Release 3.5|x86.Build.0 = Release|x86
		{6B7283C6-6DDE-41E9-BA00-F3EDD604B38B}.Release|Any CPU.ActiveCfg = Release|Any CPU
		{6B7283C6-6DDE-41E9-BA00-F3EDD604B38B}.Release|Any CPU.Build.0 = Release|Any CPU
		{6B7283C6-6DDE-41E9-BA00-F3EDD604B38B}.Release|Mixed Platforms.ActiveCfg = Release|x86
		{6B7283C6-6DDE-41E9-BA00-F3EDD604B38B}.Release|Mixed Platforms.Build.0 = Release|x86
		{6B7283C6-6DDE-41E9-BA00-F3EDD604B38B}.Release|x64.ActiveCfg = Release|x64
		{6B7283C6-6DDE-41E9-BA00-F3EDD604B38B}.Release|x64.Build.0 = Release|x64
		{6B7283C6-6DDE-41E9-BA00-F3EDD604B38B}.Release|x86.ActiveCfg = Release|x86
		{6B7283C6-6DDE-41E9-BA00-F3EDD604B38B}.Release|x86.Build.0 = Release|x86
		{79EB8DAF-410E-4CB1-A0EA-01FAA5CC675C}.Debug|Any CPU.ActiveCfg = Debug|Any CPU
		{79EB8DAF-410E-4CB1-A0EA-01FAA5CC675C}.Debug|Any CPU.Build.0 = Debug|Any CPU
		{79EB8DAF-410E-4CB1-A0EA-01FAA5CC675C}.Debug|Mixed Platforms.ActiveCfg = Debug|x86
		{79EB8DAF-410E-4CB1-A0EA-01FAA5CC675C}.Debug|Mixed Platforms.Build.0 = Debug|x86
		{79EB8DAF-410E-4CB1-A0EA-01FAA5CC675C}.Debug|x64.ActiveCfg = Debug|x86
		{79EB8DAF-410E-4CB1-A0EA-01FAA5CC675C}.Debug|x86.ActiveCfg = Debug|x86
		{79EB8DAF-410E-4CB1-A0EA-01FAA5CC675C}.Debug|x86.Build.0 = Debug|x86
		{79EB8DAF-410E-4CB1-A0EA-01FAA5CC675C}.Release 3.5|Any CPU.ActiveCfg = Release|x86
		{79EB8DAF-410E-4CB1-A0EA-01FAA5CC675C}.Release 3.5|Mixed Platforms.ActiveCfg = Release|x86
		{79EB8DAF-410E-4CB1-A0EA-01FAA5CC675C}.Release 3.5|Mixed Platforms.Build.0 = Release|x86
		{79EB8DAF-410E-4CB1-A0EA-01FAA5CC675C}.Release 3.5|x64.ActiveCfg = Release|x86
		{79EB8DAF-410E-4CB1-A0EA-01FAA5CC675C}.Release 3.5|x86.ActiveCfg = Release|x86
		{79EB8DAF-410E-4CB1-A0EA-01FAA5CC675C}.Release 3.5|x86.Build.0 = Release|x86
		{79EB8DAF-410E-4CB1-A0EA-01FAA5CC675C}.Release|Any CPU.ActiveCfg = Release|Any CPU
		{79EB8DAF-410E-4CB1-A0EA-01FAA5CC675C}.Release|Any CPU.Build.0 = Release|Any CPU
		{79EB8DAF-410E-4CB1-A0EA-01FAA5CC675C}.Release|Mixed Platforms.ActiveCfg = Release|x86
		{79EB8DAF-410E-4CB1-A0EA-01FAA5CC675C}.Release|Mixed Platforms.Build.0 = Release|x86
		{79EB8DAF-410E-4CB1-A0EA-01FAA5CC675C}.Release|x64.ActiveCfg = Release|x86
		{79EB8DAF-410E-4CB1-A0EA-01FAA5CC675C}.Release|x86.ActiveCfg = Release|x86
		{79EB8DAF-410E-4CB1-A0EA-01FAA5CC675C}.Release|x86.Build.0 = Release|x86
		{22888497-60ED-4792-936A-91131B7629DD}.Debug|Any CPU.ActiveCfg = Debug|Any CPU
		{22888497-60ED-4792-936A-91131B7629DD}.Debug|Any CPU.Build.0 = Debug|Any CPU
		{22888497-60ED-4792-936A-91131B7629DD}.Debug|Mixed Platforms.ActiveCfg = Debug|x86
		{22888497-60ED-4792-936A-91131B7629DD}.Debug|Mixed Platforms.Build.0 = Debug|x86
		{22888497-60ED-4792-936A-91131B7629DD}.Debug|x64.ActiveCfg = Debug|x86
		{22888497-60ED-4792-936A-91131B7629DD}.Debug|x86.ActiveCfg = Debug|x86
		{22888497-60ED-4792-936A-91131B7629DD}.Debug|x86.Build.0 = Debug|x86
		{22888497-60ED-4792-936A-91131B7629DD}.Release 3.5|Any CPU.ActiveCfg = Release|x86
		{22888497-60ED-4792-936A-91131B7629DD}.Release 3.5|Mixed Platforms.ActiveCfg = Release|x86
		{22888497-60ED-4792-936A-91131B7629DD}.Release 3.5|Mixed Platforms.Build.0 = Release|x86
		{22888497-60ED-4792-936A-91131B7629DD}.Release 3.5|x64.ActiveCfg = Release|x86
		{22888497-60ED-4792-936A-91131B7629DD}.Release 3.5|x86.ActiveCfg = Release|x86
		{22888497-60ED-4792-936A-91131B7629DD}.Release 3.5|x86.Build.0 = Release|x86
		{22888497-60ED-4792-936A-91131B7629DD}.Release|Any CPU.ActiveCfg = Release|Any CPU
		{22888497-60ED-4792-936A-91131B7629DD}.Release|Any CPU.Build.0 = Release|Any CPU
		{22888497-60ED-4792-936A-91131B7629DD}.Release|Mixed Platforms.ActiveCfg = Release|x86
		{22888497-60ED-4792-936A-91131B7629DD}.Release|Mixed Platforms.Build.0 = Release|x86
		{22888497-60ED-4792-936A-91131B7629DD}.Release|x64.ActiveCfg = Release|x86
		{22888497-60ED-4792-936A-91131B7629DD}.Release|x86.ActiveCfg = Release|x86
		{22888497-60ED-4792-936A-91131B7629DD}.Release|x86.Build.0 = Release|x86
		{D84BAE9D-AE01-490A-856E-56DB6E846629}.Debug|Any CPU.ActiveCfg = Debug|Any CPU
		{D84BAE9D-AE01-490A-856E-56DB6E846629}.Debug|Any CPU.Build.0 = Debug|Any CPU
		{D84BAE9D-AE01-490A-856E-56DB6E846629}.Debug|Mixed Platforms.ActiveCfg = Debug|x86
		{D84BAE9D-AE01-490A-856E-56DB6E846629}.Debug|Mixed Platforms.Build.0 = Debug|x86
		{D84BAE9D-AE01-490A-856E-56DB6E846629}.Debug|x64.ActiveCfg = Debug|x64
		{D84BAE9D-AE01-490A-856E-56DB6E846629}.Debug|x64.Build.0 = Debug|x64
		{D84BAE9D-AE01-490A-856E-56DB6E846629}.Debug|x86.ActiveCfg = Debug|x86
		{D84BAE9D-AE01-490A-856E-56DB6E846629}.Debug|x86.Build.0 = Debug|x86
		{D84BAE9D-AE01-490A-856E-56DB6E846629}.Release 3.5|Any CPU.ActiveCfg = Release|x64
		{D84BAE9D-AE01-490A-856E-56DB6E846629}.Release 3.5|Mixed Platforms.ActiveCfg = Release|x64
		{D84BAE9D-AE01-490A-856E-56DB6E846629}.Release 3.5|Mixed Platforms.Build.0 = Release|x64
		{D84BAE9D-AE01-490A-856E-56DB6E846629}.Release 3.5|x64.ActiveCfg = Release|x64
		{D84BAE9D-AE01-490A-856E-56DB6E846629}.Release 3.5|x64.Build.0 = Release|x64
		{D84BAE9D-AE01-490A-856E-56DB6E846629}.Release 3.5|x86.ActiveCfg = Release|x64
		{D84BAE9D-AE01-490A-856E-56DB6E846629}.Release|Any CPU.ActiveCfg = Release|Any CPU
		{D84BAE9D-AE01-490A-856E-56DB6E846629}.Release|Any CPU.Build.0 = Release|Any CPU
		{D84BAE9D-AE01-490A-856E-56DB6E846629}.Release|Mixed Platforms.ActiveCfg = Release|x64
		{D84BAE9D-AE01-490A-856E-56DB6E846629}.Release|Mixed Platforms.Build.0 = Release|x64
		{D84BAE9D-AE01-490A-856E-56DB6E846629}.Release|x64.ActiveCfg = Release|x64
		{D84BAE9D-AE01-490A-856E-56DB6E846629}.Release|x64.Build.0 = Release|x64
		{D84BAE9D-AE01-490A-856E-56DB6E846629}.Release|x86.ActiveCfg = Release|x86
		{D84BAE9D-AE01-490A-856E-56DB6E846629}.Release|x86.Build.0 = Release|x86
		{E8D46B8E-E059-4C17-B448-37C1EF0BCAB9}.Debug|Any CPU.ActiveCfg = Debug|Any CPU
		{E8D46B8E-E059-4C17-B448-37C1EF0BCAB9}.Debug|Any CPU.Build.0 = Debug|Any CPU
		{E8D46B8E-E059-4C17-B448-37C1EF0BCAB9}.Debug|Mixed Platforms.ActiveCfg = Debug|Any CPU
		{E8D46B8E-E059-4C17-B448-37C1EF0BCAB9}.Debug|Mixed Platforms.Build.0 = Debug|Any CPU
		{E8D46B8E-E059-4C17-B448-37C1EF0BCAB9}.Debug|x64.ActiveCfg = Debug|Any CPU
		{E8D46B8E-E059-4C17-B448-37C1EF0BCAB9}.Debug|x86.ActiveCfg = Debug|Any CPU
		{E8D46B8E-E059-4C17-B448-37C1EF0BCAB9}.Release 3.5|Any CPU.ActiveCfg = Release|Any CPU
		{E8D46B8E-E059-4C17-B448-37C1EF0BCAB9}.Release 3.5|Any CPU.Build.0 = Release|Any CPU
		{E8D46B8E-E059-4C17-B448-37C1EF0BCAB9}.Release 3.5|Mixed Platforms.ActiveCfg = Release|Any CPU
		{E8D46B8E-E059-4C17-B448-37C1EF0BCAB9}.Release 3.5|Mixed Platforms.Build.0 = Release|Any CPU
		{E8D46B8E-E059-4C17-B448-37C1EF0BCAB9}.Release 3.5|x64.ActiveCfg = Release|Any CPU
		{E8D46B8E-E059-4C17-B448-37C1EF0BCAB9}.Release 3.5|x86.ActiveCfg = Release|Any CPU
		{E8D46B8E-E059-4C17-B448-37C1EF0BCAB9}.Release|Any CPU.ActiveCfg = Release|Any CPU
		{E8D46B8E-E059-4C17-B448-37C1EF0BCAB9}.Release|Any CPU.Build.0 = Release|Any CPU
		{E8D46B8E-E059-4C17-B448-37C1EF0BCAB9}.Release|Mixed Platforms.ActiveCfg = Release|Any CPU
		{E8D46B8E-E059-4C17-B448-37C1EF0BCAB9}.Release|Mixed Platforms.Build.0 = Release|Any CPU
		{E8D46B8E-E059-4C17-B448-37C1EF0BCAB9}.Release|x64.ActiveCfg = Release|Any CPU
		{E8D46B8E-E059-4C17-B448-37C1EF0BCAB9}.Release|x86.ActiveCfg = Release|Any CPU
		{A4609D43-EEC6-492D-A44A-8F229F9E3C8D}.Debug|Any CPU.ActiveCfg = Debug|Any CPU
		{A4609D43-EEC6-492D-A44A-8F229F9E3C8D}.Debug|Any CPU.Build.0 = Debug|Any CPU
		{A4609D43-EEC6-492D-A44A-8F229F9E3C8D}.Debug|Mixed Platforms.ActiveCfg = Debug|Any CPU
		{A4609D43-EEC6-492D-A44A-8F229F9E3C8D}.Debug|Mixed Platforms.Build.0 = Debug|Any CPU
		{A4609D43-EEC6-492D-A44A-8F229F9E3C8D}.Debug|x64.ActiveCfg = Debug|Any CPU
		{A4609D43-EEC6-492D-A44A-8F229F9E3C8D}.Debug|x86.ActiveCfg = Debug|Any CPU
		{A4609D43-EEC6-492D-A44A-8F229F9E3C8D}.Release 3.5|Any CPU.ActiveCfg = Release|Any CPU
		{A4609D43-EEC6-492D-A44A-8F229F9E3C8D}.Release 3.5|Any CPU.Build.0 = Release|Any CPU
		{A4609D43-EEC6-492D-A44A-8F229F9E3C8D}.Release 3.5|Mixed Platforms.ActiveCfg = Release|Any CPU
		{A4609D43-EEC6-492D-A44A-8F229F9E3C8D}.Release 3.5|Mixed Platforms.Build.0 = Release|Any CPU
		{A4609D43-EEC6-492D-A44A-8F229F9E3C8D}.Release 3.5|x64.ActiveCfg = Release|Any CPU
		{A4609D43-EEC6-492D-A44A-8F229F9E3C8D}.Release 3.5|x86.ActiveCfg = Release|Any CPU
		{A4609D43-EEC6-492D-A44A-8F229F9E3C8D}.Release|Any CPU.ActiveCfg = Release|Any CPU
		{A4609D43-EEC6-492D-A44A-8F229F9E3C8D}.Release|Any CPU.Build.0 = Release|Any CPU
		{A4609D43-EEC6-492D-A44A-8F229F9E3C8D}.Release|Mixed Platforms.ActiveCfg = Release|Any CPU
		{A4609D43-EEC6-492D-A44A-8F229F9E3C8D}.Release|Mixed Platforms.Build.0 = Release|Any CPU
		{A4609D43-EEC6-492D-A44A-8F229F9E3C8D}.Release|x64.ActiveCfg = Release|Any CPU
		{A4609D43-EEC6-492D-A44A-8F229F9E3C8D}.Release|x86.ActiveCfg = Release|Any CPU
		{BC1CE23A-A666-4758-95E9-95D5EF27CCC3}.Debug|Any CPU.ActiveCfg = Debug|Any CPU
		{BC1CE23A-A666-4758-95E9-95D5EF27CCC3}.Debug|Any CPU.Build.0 = Debug|Any CPU
		{BC1CE23A-A666-4758-95E9-95D5EF27CCC3}.Debug|Mixed Platforms.ActiveCfg = Debug|x86
		{BC1CE23A-A666-4758-95E9-95D5EF27CCC3}.Debug|Mixed Platforms.Build.0 = Debug|x86
		{BC1CE23A-A666-4758-95E9-95D5EF27CCC3}.Debug|x64.ActiveCfg = Debug|x86
		{BC1CE23A-A666-4758-95E9-95D5EF27CCC3}.Debug|x86.ActiveCfg = Debug|x86
		{BC1CE23A-A666-4758-95E9-95D5EF27CCC3}.Debug|x86.Build.0 = Debug|x86
		{BC1CE23A-A666-4758-95E9-95D5EF27CCC3}.Release 3.5|Any CPU.ActiveCfg = Release|x86
		{BC1CE23A-A666-4758-95E9-95D5EF27CCC3}.Release 3.5|Mixed Platforms.ActiveCfg = Release|x86
		{BC1CE23A-A666-4758-95E9-95D5EF27CCC3}.Release 3.5|Mixed Platforms.Build.0 = Release|x86
		{BC1CE23A-A666-4758-95E9-95D5EF27CCC3}.Release 3.5|x64.ActiveCfg = Release|x86
		{BC1CE23A-A666-4758-95E9-95D5EF27CCC3}.Release 3.5|x86.ActiveCfg = Release|x86
		{BC1CE23A-A666-4758-95E9-95D5EF27CCC3}.Release 3.5|x86.Build.0 = Release|x86
		{BC1CE23A-A666-4758-95E9-95D5EF27CCC3}.Release|Any CPU.ActiveCfg = Release|Any CPU
		{BC1CE23A-A666-4758-95E9-95D5EF27CCC3}.Release|Any CPU.Build.0 = Release|Any CPU
		{BC1CE23A-A666-4758-95E9-95D5EF27CCC3}.Release|Mixed Platforms.ActiveCfg = Release|x86
		{BC1CE23A-A666-4758-95E9-95D5EF27CCC3}.Release|Mixed Platforms.Build.0 = Release|x86
		{BC1CE23A-A666-4758-95E9-95D5EF27CCC3}.Release|x64.ActiveCfg = Release|x86
		{BC1CE23A-A666-4758-95E9-95D5EF27CCC3}.Release|x86.ActiveCfg = Release|x86
		{BC1CE23A-A666-4758-95E9-95D5EF27CCC3}.Release|x86.Build.0 = Release|x86
	EndGlobalSection
	GlobalSection(SolutionProperties) = preSolution
		HideSolutionNode = FALSE
	EndGlobalSection
EndGlobal
