
Microsoft Visual Studio Solution File, Format Version 11.00
# Visual Studio 2010
Project("{F184B08F-C81C-45F6-A57F-5ABD9991F28F}") = "D4EM.Data.Source.USGS_Seamless", "D4EM.Data.Source.USGS_Seamless.vbproj", "{2CF5E4F7-8649-40F7-8481-CEFE720262CF}"
EndProject
Global
	GlobalSection(SolutionConfigurationPlatforms) = preSolution
		Debug|Any CPU = Debug|Any CPU
		Debug|x64 = Debug|x64
		Debug|x86 = Debug|x86
		Release|Any CPU = Release|Any CPU
		Release|x64 = Release|x64
		Release|x86 = Release|x86
	EndGlobalSection
	GlobalSection(ProjectConfigurationPlatforms) = postSolution
		{2CF5E4F7-8649-40F7-8481-CEFE720262CF}.Debug|Any CPU.ActiveCfg = Debug|Any CPU
		{2CF5E4F7-8649-40F7-8481-CEFE720262CF}.Debug|Any CPU.Build.0 = Debug|Any CPU
		{2CF5E4F7-8649-40F7-8481-CEFE720262CF}.Debug|x64.ActiveCfg = Debug|x64
		{2CF5E4F7-8649-40F7-8481-CEFE720262CF}.Debug|x64.Build.0 = Debug|x64
		{2CF5E4F7-8649-40F7-8481-CEFE720262CF}.Debug|x86.ActiveCfg = Debug|x86
		{2CF5E4F7-8649-40F7-8481-CEFE720262CF}.Debug|x86.Build.0 = Debug|x86
		{2CF5E4F7-8649-40F7-8481-CEFE720262CF}.Release|Any CPU.ActiveCfg = Release|Any CPU
		{2CF5E4F7-8649-40F7-8481-CEFE720262CF}.Release|Any CPU.Build.0 = Release|Any CPU
		{2CF5E4F7-8649-40F7-8481-CEFE720262CF}.Release|x64.ActiveCfg = Release|x64
		{2CF5E4F7-8649-40F7-8481-CEFE720262CF}.Release|x64.Build.0 = Release|x64
		{2CF5E4F7-8649-40F7-8481-CEFE720262CF}.Release|x86.ActiveCfg = Release|x86
		{2CF5E4F7-8649-40F7-8481-CEFE720262CF}.Release|x86.Build.0 = Release|x86
	EndGlobalSection
	GlobalSection(SolutionProperties) = preSolution
		HideSolutionNode = FALSE
	EndGlobalSection
EndGlobal
